<?xml version="1.0" encoding="utf-8"?>
<Project ToolsVersion="15.0" xmlns="http://schemas.microsoft.com/developer/msbuild/2003">
  <ItemGroup>
    <ClCompile Include="src\autocalib.cpp" />
    <ClCompile Include="src\blenders.cpp" />
    <ClCompile Include="src\camera.cpp" />
    <ClCompile Include="src\exposure_compensate.cpp" />
    <ClCompile Include="src\matchers.cpp" />
    <ClCompile Include="src\motion_estimators.cpp" />
    <ClCompile Include="src\seam_finders.cpp" />
    <ClCompile Include="src\stitcher.cpp" />
    <ClCompile Include="src\timelapsers.cpp" />
    <ClCompile Include="src\util.cpp" />
    <ClCompile Include="src\warpers.cpp" />
    <ClCompile Include="src\warpers_cuda.cpp" />
    <ClCompile Include="opencl_kernels_stitching.cpp" />
    <ClCompile Include="opencv_stitching_main.cpp" />
  </ItemGroup>
  <ItemGroup>
    <ClInclude Include="D:\LIB\opencv\opencv480\build\cvconfig.h">
      <Filter>Include</Filter>
    </ClInclude>
    <ClInclude Include="D:\LIB\opencv\opencv480\build\opencv2\opencv_modules.hpp">
      <Filter>Include</Filter>
    </ClInclude>
    <ClInclude Include="include\opencv2\stitching.hpp" />
    <ClInclude Include="include\opencv2\stitching\detail\autocalib.hpp" />
    <ClInclude Include="include\opencv2\stitching\detail\blenders.hpp" />
    <ClInclude Include="include\opencv2\stitching\detail\camera.hpp" />
    <ClInclude Include="include\opencv2\stitching\detail\exposure_compensate.hpp" />
    <ClInclude Include="include\opencv2\stitching\detail\matchers.hpp" />
    <ClInclude Include="include\opencv2\stitching\detail\motion_estimators.hpp" />
    <ClInclude Include="include\opencv2\stitching\detail\seam_finders.hpp" />
    <ClInclude Include="include\opencv2\stitching\detail\timelapsers.hpp" />
    <ClInclude Include="include\opencv2\stitching\detail\util.hpp" />
    <ClInclude Include="include\opencv2\stitching\detail\util_inl.hpp" />
    <ClInclude Include="include\opencv2\stitching\detail\warpers.hpp" />
    <ClInclude Include="include\opencv2\stitching\detail\warpers_inl.hpp" />
    <ClInclude Include="include\opencv2\stitching\warpers.hpp" />
    <ClInclude Include="opencl_kernels_stitching.hpp" />
    <ClInclude Include="src\precomp.hpp" />
    <ClInclude Include="src\util_log.hpp" />
  </ItemGroup>
  <ItemGroup>
    <None Include="src\opencl\multibandblend.cl" />
    <None Include="src\opencl\warpers.cl" />
  </ItemGroup>
  <ItemGroup>
    <ResourceCompile Include="vs_version.rc" />
  </ItemGroup>
  <ItemGroup>
    <Filter Include="CMake Rules">
      <UniqueIdentifier>{BC6BC956-0833-3F3E-B3C8-CF14B630DA9D}</UniqueIdentifier>
    </Filter>
    <Filter Include="Include">
      <UniqueIdentifier>{F73E1321-2CC0-3C82-B659-D2B5CEC43562}</UniqueIdentifier>
    </Filter>
    <Filter Include="Include\opencv2">
      <UniqueIdentifier>{7B157B1B-D693-3CAB-B777-2F3947536837}</UniqueIdentifier>
    </Filter>
    <Filter Include="Include\opencv2\stitching">
      <UniqueIdentifier>{F3916B41-FCB9-3F00-9310-4528529D9EAB}</UniqueIdentifier>
    </Filter>
    <Filter Include="Include\opencv2\stitching\detail">
      <UniqueIdentifier>{33EA7BCD-C3B9-3649-B1DC-090A388E28D0}</UniqueIdentifier>
    </Filter>
    <Filter Include="Precompile Header File">
      <UniqueIdentifier>{5D557921-288E-3543-B0CB-0F405FBA551C}</UniqueIdentifier>
    </Filter>
    <Filter Include="Source Files">
      <UniqueIdentifier>{B424FE76-8A02-34EF-85BB-75F86BE76CE0}</UniqueIdentifier>
    </Filter>
    <Filter Include="Src">
      <UniqueIdentifier>{BA1B5659-E9EF-3DC1-8E8D-15B598609623}</UniqueIdentifier>
    </Filter>
    <Filter Include="Src\opencl">
      <UniqueIdentifier>{B0F36292-7761-3055-A6B6-041B8E30B9A5}</UniqueIdentifier>
    </Filter>
    <Filter Include="Src\opencl\kernels">
      <UniqueIdentifier>{A508DA8B-FF29-300B-8DAE-83129DCCA3EC}</UniqueIdentifier>
    </Filter>
    <Filter Include="Src\opencl\kernels\autogenerated">
      <UniqueIdentifier>{ABADE330-7AC5-39DC-8486-109D51C8EF9B}</UniqueIdentifier>
    </Filter>
  </ItemGroup>
</Project>