<?xml version="1.0" encoding="utf-8"?>
<Project ToolsVersion="15.0" xmlns="http://schemas.microsoft.com/developer/msbuild/2003">
  <ItemGroup>
    <ClCompile Include="src\align.cpp" />
    <ClCompile Include="src\calibrate.cpp" />
    <ClCompile Include="src\contrast_preserve.cpp" />
    <ClCompile Include="src\denoise_tvl1.cpp" />
    <ClCompile Include="src\denoising.cpp" />
    <ClCompile Include="src\denoising.cuda.cpp" />
    <ClCompile Include="src\hdr_common.cpp" />
    <ClCompile Include="src\inpaint.cpp" />
    <ClCompile Include="src\merge.cpp" />
    <ClCompile Include="src\npr.cpp" />
    <ClCompile Include="src\seamless_cloning.cpp" />
    <ClCompile Include="src\seamless_cloning_impl.cpp" />
    <ClCompile Include="src\tonemap.cpp" />
    <ClCompile Include="opencl_kernels_photo.cpp" />
    <ClCompile Include="opencv_photo_main.cpp" />
  </ItemGroup>
  <ItemGroup>
    <ClInclude Include="D:\LIB\opencv\opencv480\build\cvconfig.h">
      <Filter>Include</Filter>
    </ClInclude>
    <ClInclude Include="D:\LIB\opencv\opencv480\build\opencv2\opencv_modules.hpp">
      <Filter>Include</Filter>
    </ClInclude>
    <ClInclude Include="include\opencv2\photo.hpp" />
    <ClInclude Include="include\opencv2\photo\cuda.hpp" />
    <ClInclude Include="include\opencv2\photo\legacy\constants_c.h" />
    <ClInclude Include="include\opencv2\photo\photo.hpp" />
    <ClInclude Include="opencl_kernels_photo.hpp" />
    <ClInclude Include="src\arrays.hpp" />
    <ClInclude Include="src\contrast_preserve.hpp" />
    <ClInclude Include="src\fast_nlmeans_denoising_invoker.hpp" />
    <ClInclude Include="src\fast_nlmeans_denoising_invoker_commons.hpp" />
    <ClInclude Include="src\fast_nlmeans_denoising_opencl.hpp" />
    <ClInclude Include="src\fast_nlmeans_multi_denoising_invoker.hpp" />
    <ClInclude Include="src\hdr_common.hpp" />
    <ClInclude Include="src\npr.hpp" />
    <ClInclude Include="src\precomp.hpp" />
    <ClInclude Include="src\seamless_cloning.hpp" />
  </ItemGroup>
  <ItemGroup>
    <None Include="src\opencl\nlmeans.cl" />
  </ItemGroup>
  <ItemGroup>
    <ResourceCompile Include="vs_version.rc" />
  </ItemGroup>
  <ItemGroup>
    <Filter Include="CMake Rules">
      <UniqueIdentifier>{BC6BC956-0833-3F3E-B3C8-CF14B630DA9D}</UniqueIdentifier>
    </Filter>
    <Filter Include="Include">
      <UniqueIdentifier>{F73E1321-2CC0-3C82-B659-D2B5CEC43562}</UniqueIdentifier>
    </Filter>
    <Filter Include="Include\opencv2">
      <UniqueIdentifier>{7B157B1B-D693-3CAB-B777-2F3947536837}</UniqueIdentifier>
    </Filter>
    <Filter Include="Include\opencv2\photo">
      <UniqueIdentifier>{256FF4CA-EFBE-3760-A9E2-F1BE56CB175C}</UniqueIdentifier>
    </Filter>
    <Filter Include="Include\opencv2\photo\legacy">
      <UniqueIdentifier>{5B1F8DE0-81D5-3CC5-ACF4-64155A838F4F}</UniqueIdentifier>
    </Filter>
    <Filter Include="Precompile Header File">
      <UniqueIdentifier>{5D557921-288E-3543-B0CB-0F405FBA551C}</UniqueIdentifier>
    </Filter>
    <Filter Include="Source Files">
      <UniqueIdentifier>{B424FE76-8A02-34EF-85BB-75F86BE76CE0}</UniqueIdentifier>
    </Filter>
    <Filter Include="Src">
      <UniqueIdentifier>{BA1B5659-E9EF-3DC1-8E8D-15B598609623}</UniqueIdentifier>
    </Filter>
    <Filter Include="Src\opencl">
      <UniqueIdentifier>{B0F36292-7761-3055-A6B6-041B8E30B9A5}</UniqueIdentifier>
    </Filter>
    <Filter Include="Src\opencl\kernels">
      <UniqueIdentifier>{A508DA8B-FF29-300B-8DAE-83129DCCA3EC}</UniqueIdentifier>
    </Filter>
    <Filter Include="Src\opencl\kernels\autogenerated">
      <UniqueIdentifier>{ABADE330-7AC5-39DC-8486-109D51C8EF9B}</UniqueIdentifier>
    </Filter>
  </ItemGroup>
</Project>