
Microsoft Visual Studio Solution File, Format Version 12.00
# Visual Studio 15
Project("{2150E333-8FDC-42A3-9474-1A3956D46DE8}") = "3rdparty", "3rdparty", "{332C845F-43EC-37BC-867E-CF17421958F7}"
EndProject
Project("{2150E333-8FDC-42A3-9474-1A3956D46DE8}") = "CMakeTargets", "CMakeTargets", "{1EE1F80E-973C-32FC-B0A7-616B4AFA44C5}"
EndProject
Project("{2150E333-8FDC-42A3-9474-1A3956D46DE8}") = "modules", "modules", "{3D6E007E-129F-3BF6-875D-ED22F6AAA088}"
EndProject
Project("{2150E333-8FDC-42A3-9474-1A3956D46DE8}") = "samples", "samples", "{0DADD992-BA8D-360D-952B-DD6041D67823}"
EndProject
Project("{2150E333-8FDC-42A3-9474-1A3956D46DE8}") = "gapi", "samples\gapi", "{323C7036-F6DB-3ABF-95DE-3DE27A2ABE1E}"
EndProject
Project("{8BC9CEB8-8B4A-11D0-8D11-00A0C91BC942}") = "ALL_BUILD", "ALL_BUILD.vcxproj", "{C52E6A76-8178-3B1F-930D-5CBBC4C48842}"
	ProjectSection(ProjectDependencies) = postProject
		{A2B6B0A1-0116-3B54-BA2A-2EB40583D0C0} = {A2B6B0A1-0116-3B54-BA2A-2EB40583D0C0}
		{C0C81A5B-A87C-374C-9952-4CDD19ACCC39} = {C0C81A5B-A87C-374C-9952-4CDD19ACCC39}
		{1699B126-F854-3D9B-B2D0-3CE3CA0FE45C} = {1699B126-F854-3D9B-B2D0-3CE3CA0FE45C}
		{9653DFC1-20C6-328B-8CC0-5C6DACCC0CBF} = {9653DFC1-20C6-328B-8CC0-5C6DACCC0CBF}
		{689A6849-31B3-3BE0-A99A-7C78F73D8282} = {689A6849-31B3-3BE0-A99A-7C78F73D8282}
		{31683E2D-8CD1-3261-B931-59C404D46D24} = {31683E2D-8CD1-3261-B931-59C404D46D24}
		{EE8D18F9-204E-331B-B076-8E2889183D47} = {EE8D18F9-204E-331B-B076-8E2889183D47}
		{1AAA1413-127F-3D93-8011-8C44309718F3} = {1AAA1413-127F-3D93-8011-8C44309718F3}
		{0B31A5D5-D18D-39F5-BC2E-DAC3D9426DF8} = {0B31A5D5-D18D-39F5-BC2E-DAC3D9426DF8}
		{1F8724A0-1C71-3004-96AF-32EB4B4342E5} = {1F8724A0-1C71-3004-96AF-32EB4B4342E5}
		{90D69877-18F6-3CDF-A51B-11AE7B1C9559} = {90D69877-18F6-3CDF-A51B-11AE7B1C9559}
		{F0141090-C9CC-3DF5-8680-15EDDC06AB0A} = {F0141090-C9CC-3DF5-8680-15EDDC06AB0A}
		{4E760740-5E33-3BC7-81C4-D939D99A5AF9} = {4E760740-5E33-3BC7-81C4-D939D99A5AF9}
		{4A796FDE-A7DE-33D4-B5DA-190EB18E8F18} = {4A796FDE-A7DE-33D4-B5DA-190EB18E8F18}
		{E313BCDC-E2A7-3522-81C4-4CF71D934E9F} = {E313BCDC-E2A7-3522-81C4-4CF71D934E9F}
		{065E3AE3-48DD-3BA6-B8BF-8D4FA83808D3} = {065E3AE3-48DD-3BA6-B8BF-8D4FA83808D3}
		{CEEFBA9A-95EF-3902-A07E-36A6E76726AA} = {CEEFBA9A-95EF-3902-A07E-36A6E76726AA}
		{07DA9D9A-FAA1-39AB-9FB8-F77CF1A99E1F} = {07DA9D9A-FAA1-39AB-9FB8-F77CF1A99E1F}
		{5E05CA5A-14FA-3F46-BD1F-9B3FFD14F7A1} = {5E05CA5A-14FA-3F46-BD1F-9B3FFD14F7A1}
		{E330EAE7-C580-3568-97BC-E3B6E3012D3D} = {E330EAE7-C580-3568-97BC-E3B6E3012D3D}
		{1CC45481-48D5-3366-A85A-AE0F225EAB64} = {1CC45481-48D5-3366-A85A-AE0F225EAB64}
		{F7A87D12-8383-3EAD-B8EE-9C1B283B98B4} = {F7A87D12-8383-3EAD-B8EE-9C1B283B98B4}
	EndProjectSection
EndProject
Project("{8BC9CEB8-8B4A-11D0-8D11-00A0C91BC942}") = "INSTALL", "INSTALL.vcxproj", "{E671D3BE-83C7-3754-8861-A5A7BFCDCE9F}"
	ProjectSection(ProjectDependencies) = postProject
		{C52E6A76-8178-3B1F-930D-5CBBC4C48842} = {C52E6A76-8178-3B1F-930D-5CBBC4C48842}
		{A2B6B0A1-0116-3B54-BA2A-2EB40583D0C0} = {A2B6B0A1-0116-3B54-BA2A-2EB40583D0C0}
	EndProjectSection
EndProject
Project("{8BC9CEB8-8B4A-11D0-8D11-00A0C91BC942}") = "PACKAGE", "PACKAGE.vcxproj", "{350F6A37-D4A1-3B5E-9B75-D9B3641E0E93}"
	ProjectSection(ProjectDependencies) = postProject
		{C52E6A76-8178-3B1F-930D-5CBBC4C48842} = {C52E6A76-8178-3B1F-930D-5CBBC4C48842}
		{A2B6B0A1-0116-3B54-BA2A-2EB40583D0C0} = {A2B6B0A1-0116-3B54-BA2A-2EB40583D0C0}
	EndProjectSection
EndProject
Project("{8BC9CEB8-8B4A-11D0-8D11-00A0C91BC942}") = "RUN_TESTS", "RUN_TESTS.vcxproj", "{EE93D452-1980-36AF-905E-EA892FF26044}"
	ProjectSection(ProjectDependencies) = postProject
		{A2B6B0A1-0116-3B54-BA2A-2EB40583D0C0} = {A2B6B0A1-0116-3B54-BA2A-2EB40583D0C0}
	EndProjectSection
EndProject
Project("{8BC9CEB8-8B4A-11D0-8D11-00A0C91BC942}") = "ZERO_CHECK", "..\..\\ZERO_CHECK.vcxproj", "{A2B6B0A1-0116-3B54-BA2A-2EB40583D0C0}"
	ProjectSection(ProjectDependencies) = postProject
	EndProjectSection
EndProject
Project("{8BC9CEB8-8B4A-11D0-8D11-00A0C91BC942}") = "ade", "..\..\\ade.vcxproj", "{5EC8C66B-E81D-3DF4-8ACB-5471038622E3}"
	ProjectSection(ProjectDependencies) = postProject
		{A2B6B0A1-0116-3B54-BA2A-2EB40583D0C0} = {A2B6B0A1-0116-3B54-BA2A-2EB40583D0C0}
	EndProjectSection
EndProject
Project("{8BC9CEB8-8B4A-11D0-8D11-00A0C91BC942}") = "example_gapi_api_example", "example_gapi_api_example.vcxproj", "{C0C81A5B-A87C-374C-9952-4CDD19ACCC39}"
	ProjectSection(ProjectDependencies) = postProject
		{A2B6B0A1-0116-3B54-BA2A-2EB40583D0C0} = {A2B6B0A1-0116-3B54-BA2A-2EB40583D0C0}
		{9F4C872A-07C5-34F4-97A1-A6FD09C48232} = {9F4C872A-07C5-34F4-97A1-A6FD09C48232}
		{236D9F3A-4D25-3745-A439-0D17D29C4B19} = {236D9F3A-4D25-3745-A439-0D17D29C4B19}
		{773D86A9-7F17-3DC3-8E3E-B3D3AF1688C0} = {773D86A9-7F17-3DC3-8E3E-B3D3AF1688C0}
		{25F1F230-8722-3294-9A82-3F5D93073CA7} = {25F1F230-8722-3294-9A82-3F5D93073CA7}
		{0C24BCD0-4390-3055-A2F6-2C8A42C3BC58} = {0C24BCD0-4390-3055-A2F6-2C8A42C3BC58}
		{F7A87D12-8383-3EAD-B8EE-9C1B283B98B4} = {F7A87D12-8383-3EAD-B8EE-9C1B283B98B4}
		{A232D01B-8121-365E-B21E-380119B4A2F8} = {A232D01B-8121-365E-B21E-380119B4A2F8}
		{F3CA099E-18E0-3B79-8AA3-8628C7922F09} = {F3CA099E-18E0-3B79-8AA3-8628C7922F09}
		{0C89160B-F0FF-3B00-A234-9EC8877EDEFF} = {0C89160B-F0FF-3B00-A234-9EC8877EDEFF}
		{AE105776-CAC0-304A-89A3-13174D730095} = {AE105776-CAC0-304A-89A3-13174D730095}
		{C7B12197-80DA-3FC4-9EAA-4EF3318CE198} = {C7B12197-80DA-3FC4-9EAA-4EF3318CE198}
		{282F506C-806C-33EF-884D-3E3E9CA8EE5D} = {282F506C-806C-33EF-884D-3E3E9CA8EE5D}
		{71298B85-1766-37FB-8A41-A254FDB48736} = {71298B85-1766-37FB-8A41-A254FDB48736}
	EndProjectSection
EndProject
Project("{8BC9CEB8-8B4A-11D0-8D11-00A0C91BC942}") = "example_gapi_draw_example", "example_gapi_draw_example.vcxproj", "{1699B126-F854-3D9B-B2D0-3CE3CA0FE45C}"
	ProjectSection(ProjectDependencies) = postProject
		{A2B6B0A1-0116-3B54-BA2A-2EB40583D0C0} = {A2B6B0A1-0116-3B54-BA2A-2EB40583D0C0}
		{9F4C872A-07C5-34F4-97A1-A6FD09C48232} = {9F4C872A-07C5-34F4-97A1-A6FD09C48232}
		{236D9F3A-4D25-3745-A439-0D17D29C4B19} = {236D9F3A-4D25-3745-A439-0D17D29C4B19}
		{773D86A9-7F17-3DC3-8E3E-B3D3AF1688C0} = {773D86A9-7F17-3DC3-8E3E-B3D3AF1688C0}
		{25F1F230-8722-3294-9A82-3F5D93073CA7} = {25F1F230-8722-3294-9A82-3F5D93073CA7}
		{0C24BCD0-4390-3055-A2F6-2C8A42C3BC58} = {0C24BCD0-4390-3055-A2F6-2C8A42C3BC58}
		{F7A87D12-8383-3EAD-B8EE-9C1B283B98B4} = {F7A87D12-8383-3EAD-B8EE-9C1B283B98B4}
		{A232D01B-8121-365E-B21E-380119B4A2F8} = {A232D01B-8121-365E-B21E-380119B4A2F8}
		{F3CA099E-18E0-3B79-8AA3-8628C7922F09} = {F3CA099E-18E0-3B79-8AA3-8628C7922F09}
		{0C89160B-F0FF-3B00-A234-9EC8877EDEFF} = {0C89160B-F0FF-3B00-A234-9EC8877EDEFF}
		{AE105776-CAC0-304A-89A3-13174D730095} = {AE105776-CAC0-304A-89A3-13174D730095}
		{C7B12197-80DA-3FC4-9EAA-4EF3318CE198} = {C7B12197-80DA-3FC4-9EAA-4EF3318CE198}
		{282F506C-806C-33EF-884D-3E3E9CA8EE5D} = {282F506C-806C-33EF-884D-3E3E9CA8EE5D}
		{71298B85-1766-37FB-8A41-A254FDB48736} = {71298B85-1766-37FB-8A41-A254FDB48736}
	EndProjectSection
EndProject
Project("{8BC9CEB8-8B4A-11D0-8D11-00A0C91BC942}") = "example_gapi_face_detection_mtcnn", "example_gapi_face_detection_mtcnn.vcxproj", "{9653DFC1-20C6-328B-8CC0-5C6DACCC0CBF}"
	ProjectSection(ProjectDependencies) = postProject
		{A2B6B0A1-0116-3B54-BA2A-2EB40583D0C0} = {A2B6B0A1-0116-3B54-BA2A-2EB40583D0C0}
		{9F4C872A-07C5-34F4-97A1-A6FD09C48232} = {9F4C872A-07C5-34F4-97A1-A6FD09C48232}
		{236D9F3A-4D25-3745-A439-0D17D29C4B19} = {236D9F3A-4D25-3745-A439-0D17D29C4B19}
		{773D86A9-7F17-3DC3-8E3E-B3D3AF1688C0} = {773D86A9-7F17-3DC3-8E3E-B3D3AF1688C0}
		{25F1F230-8722-3294-9A82-3F5D93073CA7} = {25F1F230-8722-3294-9A82-3F5D93073CA7}
		{0C24BCD0-4390-3055-A2F6-2C8A42C3BC58} = {0C24BCD0-4390-3055-A2F6-2C8A42C3BC58}
		{F7A87D12-8383-3EAD-B8EE-9C1B283B98B4} = {F7A87D12-8383-3EAD-B8EE-9C1B283B98B4}
		{A232D01B-8121-365E-B21E-380119B4A2F8} = {A232D01B-8121-365E-B21E-380119B4A2F8}
		{F3CA099E-18E0-3B79-8AA3-8628C7922F09} = {F3CA099E-18E0-3B79-8AA3-8628C7922F09}
		{0C89160B-F0FF-3B00-A234-9EC8877EDEFF} = {0C89160B-F0FF-3B00-A234-9EC8877EDEFF}
		{AE105776-CAC0-304A-89A3-13174D730095} = {AE105776-CAC0-304A-89A3-13174D730095}
		{C7B12197-80DA-3FC4-9EAA-4EF3318CE198} = {C7B12197-80DA-3FC4-9EAA-4EF3318CE198}
		{282F506C-806C-33EF-884D-3E3E9CA8EE5D} = {282F506C-806C-33EF-884D-3E3E9CA8EE5D}
		{71298B85-1766-37FB-8A41-A254FDB48736} = {71298B85-1766-37FB-8A41-A254FDB48736}
	EndProjectSection
EndProject
Project("{8BC9CEB8-8B4A-11D0-8D11-00A0C91BC942}") = "example_gapi_gaze_estimation", "example_gapi_gaze_estimation.vcxproj", "{689A6849-31B3-3BE0-A99A-7C78F73D8282}"
	ProjectSection(ProjectDependencies) = postProject
		{A2B6B0A1-0116-3B54-BA2A-2EB40583D0C0} = {A2B6B0A1-0116-3B54-BA2A-2EB40583D0C0}
		{9F4C872A-07C5-34F4-97A1-A6FD09C48232} = {9F4C872A-07C5-34F4-97A1-A6FD09C48232}
		{236D9F3A-4D25-3745-A439-0D17D29C4B19} = {236D9F3A-4D25-3745-A439-0D17D29C4B19}
		{773D86A9-7F17-3DC3-8E3E-B3D3AF1688C0} = {773D86A9-7F17-3DC3-8E3E-B3D3AF1688C0}
		{25F1F230-8722-3294-9A82-3F5D93073CA7} = {25F1F230-8722-3294-9A82-3F5D93073CA7}
		{0C24BCD0-4390-3055-A2F6-2C8A42C3BC58} = {0C24BCD0-4390-3055-A2F6-2C8A42C3BC58}
		{F7A87D12-8383-3EAD-B8EE-9C1B283B98B4} = {F7A87D12-8383-3EAD-B8EE-9C1B283B98B4}
		{A232D01B-8121-365E-B21E-380119B4A2F8} = {A232D01B-8121-365E-B21E-380119B4A2F8}
		{F3CA099E-18E0-3B79-8AA3-8628C7922F09} = {F3CA099E-18E0-3B79-8AA3-8628C7922F09}
		{0C89160B-F0FF-3B00-A234-9EC8877EDEFF} = {0C89160B-F0FF-3B00-A234-9EC8877EDEFF}
		{AE105776-CAC0-304A-89A3-13174D730095} = {AE105776-CAC0-304A-89A3-13174D730095}
		{C7B12197-80DA-3FC4-9EAA-4EF3318CE198} = {C7B12197-80DA-3FC4-9EAA-4EF3318CE198}
		{282F506C-806C-33EF-884D-3E3E9CA8EE5D} = {282F506C-806C-33EF-884D-3E3E9CA8EE5D}
		{71298B85-1766-37FB-8A41-A254FDB48736} = {71298B85-1766-37FB-8A41-A254FDB48736}
	EndProjectSection
EndProject
Project("{8BC9CEB8-8B4A-11D0-8D11-00A0C91BC942}") = "example_gapi_infer_ie_onnx_hybrid", "example_gapi_infer_ie_onnx_hybrid.vcxproj", "{31683E2D-8CD1-3261-B931-59C404D46D24}"
	ProjectSection(ProjectDependencies) = postProject
		{A2B6B0A1-0116-3B54-BA2A-2EB40583D0C0} = {A2B6B0A1-0116-3B54-BA2A-2EB40583D0C0}
		{9F4C872A-07C5-34F4-97A1-A6FD09C48232} = {9F4C872A-07C5-34F4-97A1-A6FD09C48232}
		{236D9F3A-4D25-3745-A439-0D17D29C4B19} = {236D9F3A-4D25-3745-A439-0D17D29C4B19}
		{773D86A9-7F17-3DC3-8E3E-B3D3AF1688C0} = {773D86A9-7F17-3DC3-8E3E-B3D3AF1688C0}
		{25F1F230-8722-3294-9A82-3F5D93073CA7} = {25F1F230-8722-3294-9A82-3F5D93073CA7}
		{0C24BCD0-4390-3055-A2F6-2C8A42C3BC58} = {0C24BCD0-4390-3055-A2F6-2C8A42C3BC58}
		{F7A87D12-8383-3EAD-B8EE-9C1B283B98B4} = {F7A87D12-8383-3EAD-B8EE-9C1B283B98B4}
		{A232D01B-8121-365E-B21E-380119B4A2F8} = {A232D01B-8121-365E-B21E-380119B4A2F8}
		{F3CA099E-18E0-3B79-8AA3-8628C7922F09} = {F3CA099E-18E0-3B79-8AA3-8628C7922F09}
		{0C89160B-F0FF-3B00-A234-9EC8877EDEFF} = {0C89160B-F0FF-3B00-A234-9EC8877EDEFF}
		{AE105776-CAC0-304A-89A3-13174D730095} = {AE105776-CAC0-304A-89A3-13174D730095}
		{C7B12197-80DA-3FC4-9EAA-4EF3318CE198} = {C7B12197-80DA-3FC4-9EAA-4EF3318CE198}
		{282F506C-806C-33EF-884D-3E3E9CA8EE5D} = {282F506C-806C-33EF-884D-3E3E9CA8EE5D}
		{71298B85-1766-37FB-8A41-A254FDB48736} = {71298B85-1766-37FB-8A41-A254FDB48736}
	EndProjectSection
EndProject
Project("{8BC9CEB8-8B4A-11D0-8D11-00A0C91BC942}") = "example_gapi_infer_single_roi", "example_gapi_infer_single_roi.vcxproj", "{EE8D18F9-204E-331B-B076-8E2889183D47}"
	ProjectSection(ProjectDependencies) = postProject
		{A2B6B0A1-0116-3B54-BA2A-2EB40583D0C0} = {A2B6B0A1-0116-3B54-BA2A-2EB40583D0C0}
		{9F4C872A-07C5-34F4-97A1-A6FD09C48232} = {9F4C872A-07C5-34F4-97A1-A6FD09C48232}
		{236D9F3A-4D25-3745-A439-0D17D29C4B19} = {236D9F3A-4D25-3745-A439-0D17D29C4B19}
		{773D86A9-7F17-3DC3-8E3E-B3D3AF1688C0} = {773D86A9-7F17-3DC3-8E3E-B3D3AF1688C0}
		{25F1F230-8722-3294-9A82-3F5D93073CA7} = {25F1F230-8722-3294-9A82-3F5D93073CA7}
		{0C24BCD0-4390-3055-A2F6-2C8A42C3BC58} = {0C24BCD0-4390-3055-A2F6-2C8A42C3BC58}
		{F7A87D12-8383-3EAD-B8EE-9C1B283B98B4} = {F7A87D12-8383-3EAD-B8EE-9C1B283B98B4}
		{A232D01B-8121-365E-B21E-380119B4A2F8} = {A232D01B-8121-365E-B21E-380119B4A2F8}
		{F3CA099E-18E0-3B79-8AA3-8628C7922F09} = {F3CA099E-18E0-3B79-8AA3-8628C7922F09}
		{0C89160B-F0FF-3B00-A234-9EC8877EDEFF} = {0C89160B-F0FF-3B00-A234-9EC8877EDEFF}
		{AE105776-CAC0-304A-89A3-13174D730095} = {AE105776-CAC0-304A-89A3-13174D730095}
		{C7B12197-80DA-3FC4-9EAA-4EF3318CE198} = {C7B12197-80DA-3FC4-9EAA-4EF3318CE198}
		{282F506C-806C-33EF-884D-3E3E9CA8EE5D} = {282F506C-806C-33EF-884D-3E3E9CA8EE5D}
		{71298B85-1766-37FB-8A41-A254FDB48736} = {71298B85-1766-37FB-8A41-A254FDB48736}
	EndProjectSection
EndProject
Project("{8BC9CEB8-8B4A-11D0-8D11-00A0C91BC942}") = "example_gapi_infer_ssd_onnx", "example_gapi_infer_ssd_onnx.vcxproj", "{1AAA1413-127F-3D93-8011-8C44309718F3}"
	ProjectSection(ProjectDependencies) = postProject
		{A2B6B0A1-0116-3B54-BA2A-2EB40583D0C0} = {A2B6B0A1-0116-3B54-BA2A-2EB40583D0C0}
		{9F4C872A-07C5-34F4-97A1-A6FD09C48232} = {9F4C872A-07C5-34F4-97A1-A6FD09C48232}
		{236D9F3A-4D25-3745-A439-0D17D29C4B19} = {236D9F3A-4D25-3745-A439-0D17D29C4B19}
		{773D86A9-7F17-3DC3-8E3E-B3D3AF1688C0} = {773D86A9-7F17-3DC3-8E3E-B3D3AF1688C0}
		{25F1F230-8722-3294-9A82-3F5D93073CA7} = {25F1F230-8722-3294-9A82-3F5D93073CA7}
		{0C24BCD0-4390-3055-A2F6-2C8A42C3BC58} = {0C24BCD0-4390-3055-A2F6-2C8A42C3BC58}
		{F7A87D12-8383-3EAD-B8EE-9C1B283B98B4} = {F7A87D12-8383-3EAD-B8EE-9C1B283B98B4}
		{A232D01B-8121-365E-B21E-380119B4A2F8} = {A232D01B-8121-365E-B21E-380119B4A2F8}
		{F3CA099E-18E0-3B79-8AA3-8628C7922F09} = {F3CA099E-18E0-3B79-8AA3-8628C7922F09}
		{0C89160B-F0FF-3B00-A234-9EC8877EDEFF} = {0C89160B-F0FF-3B00-A234-9EC8877EDEFF}
		{AE105776-CAC0-304A-89A3-13174D730095} = {AE105776-CAC0-304A-89A3-13174D730095}
		{C7B12197-80DA-3FC4-9EAA-4EF3318CE198} = {C7B12197-80DA-3FC4-9EAA-4EF3318CE198}
		{282F506C-806C-33EF-884D-3E3E9CA8EE5D} = {282F506C-806C-33EF-884D-3E3E9CA8EE5D}
		{71298B85-1766-37FB-8A41-A254FDB48736} = {71298B85-1766-37FB-8A41-A254FDB48736}
	EndProjectSection
EndProject
Project("{8BC9CEB8-8B4A-11D0-8D11-00A0C91BC942}") = "example_gapi_oak_basic_infer", "example_gapi_oak_basic_infer.vcxproj", "{0B31A5D5-D18D-39F5-BC2E-DAC3D9426DF8}"
	ProjectSection(ProjectDependencies) = postProject
		{A2B6B0A1-0116-3B54-BA2A-2EB40583D0C0} = {A2B6B0A1-0116-3B54-BA2A-2EB40583D0C0}
		{9F4C872A-07C5-34F4-97A1-A6FD09C48232} = {9F4C872A-07C5-34F4-97A1-A6FD09C48232}
		{236D9F3A-4D25-3745-A439-0D17D29C4B19} = {236D9F3A-4D25-3745-A439-0D17D29C4B19}
		{773D86A9-7F17-3DC3-8E3E-B3D3AF1688C0} = {773D86A9-7F17-3DC3-8E3E-B3D3AF1688C0}
		{25F1F230-8722-3294-9A82-3F5D93073CA7} = {25F1F230-8722-3294-9A82-3F5D93073CA7}
		{0C24BCD0-4390-3055-A2F6-2C8A42C3BC58} = {0C24BCD0-4390-3055-A2F6-2C8A42C3BC58}
		{F7A87D12-8383-3EAD-B8EE-9C1B283B98B4} = {F7A87D12-8383-3EAD-B8EE-9C1B283B98B4}
		{A232D01B-8121-365E-B21E-380119B4A2F8} = {A232D01B-8121-365E-B21E-380119B4A2F8}
		{F3CA099E-18E0-3B79-8AA3-8628C7922F09} = {F3CA099E-18E0-3B79-8AA3-8628C7922F09}
		{0C89160B-F0FF-3B00-A234-9EC8877EDEFF} = {0C89160B-F0FF-3B00-A234-9EC8877EDEFF}
		{AE105776-CAC0-304A-89A3-13174D730095} = {AE105776-CAC0-304A-89A3-13174D730095}
		{C7B12197-80DA-3FC4-9EAA-4EF3318CE198} = {C7B12197-80DA-3FC4-9EAA-4EF3318CE198}
		{282F506C-806C-33EF-884D-3E3E9CA8EE5D} = {282F506C-806C-33EF-884D-3E3E9CA8EE5D}
		{71298B85-1766-37FB-8A41-A254FDB48736} = {71298B85-1766-37FB-8A41-A254FDB48736}
	EndProjectSection
EndProject
Project("{8BC9CEB8-8B4A-11D0-8D11-00A0C91BC942}") = "example_gapi_oak_copy", "example_gapi_oak_copy.vcxproj", "{1F8724A0-1C71-3004-96AF-32EB4B4342E5}"
	ProjectSection(ProjectDependencies) = postProject
		{A2B6B0A1-0116-3B54-BA2A-2EB40583D0C0} = {A2B6B0A1-0116-3B54-BA2A-2EB40583D0C0}
		{9F4C872A-07C5-34F4-97A1-A6FD09C48232} = {9F4C872A-07C5-34F4-97A1-A6FD09C48232}
		{236D9F3A-4D25-3745-A439-0D17D29C4B19} = {236D9F3A-4D25-3745-A439-0D17D29C4B19}
		{773D86A9-7F17-3DC3-8E3E-B3D3AF1688C0} = {773D86A9-7F17-3DC3-8E3E-B3D3AF1688C0}
		{25F1F230-8722-3294-9A82-3F5D93073CA7} = {25F1F230-8722-3294-9A82-3F5D93073CA7}
		{0C24BCD0-4390-3055-A2F6-2C8A42C3BC58} = {0C24BCD0-4390-3055-A2F6-2C8A42C3BC58}
		{F7A87D12-8383-3EAD-B8EE-9C1B283B98B4} = {F7A87D12-8383-3EAD-B8EE-9C1B283B98B4}
		{A232D01B-8121-365E-B21E-380119B4A2F8} = {A232D01B-8121-365E-B21E-380119B4A2F8}
		{F3CA099E-18E0-3B79-8AA3-8628C7922F09} = {F3CA099E-18E0-3B79-8AA3-8628C7922F09}
		{0C89160B-F0FF-3B00-A234-9EC8877EDEFF} = {0C89160B-F0FF-3B00-A234-9EC8877EDEFF}
		{AE105776-CAC0-304A-89A3-13174D730095} = {AE105776-CAC0-304A-89A3-13174D730095}
		{C7B12197-80DA-3FC4-9EAA-4EF3318CE198} = {C7B12197-80DA-3FC4-9EAA-4EF3318CE198}
		{282F506C-806C-33EF-884D-3E3E9CA8EE5D} = {282F506C-806C-33EF-884D-3E3E9CA8EE5D}
		{71298B85-1766-37FB-8A41-A254FDB48736} = {71298B85-1766-37FB-8A41-A254FDB48736}
	EndProjectSection
EndProject
Project("{8BC9CEB8-8B4A-11D0-8D11-00A0C91BC942}") = "example_gapi_oak_rgb_camera_encoding", "example_gapi_oak_rgb_camera_encoding.vcxproj", "{90D69877-18F6-3CDF-A51B-11AE7B1C9559}"
	ProjectSection(ProjectDependencies) = postProject
		{A2B6B0A1-0116-3B54-BA2A-2EB40583D0C0} = {A2B6B0A1-0116-3B54-BA2A-2EB40583D0C0}
		{9F4C872A-07C5-34F4-97A1-A6FD09C48232} = {9F4C872A-07C5-34F4-97A1-A6FD09C48232}
		{236D9F3A-4D25-3745-A439-0D17D29C4B19} = {236D9F3A-4D25-3745-A439-0D17D29C4B19}
		{773D86A9-7F17-3DC3-8E3E-B3D3AF1688C0} = {773D86A9-7F17-3DC3-8E3E-B3D3AF1688C0}
		{25F1F230-8722-3294-9A82-3F5D93073CA7} = {25F1F230-8722-3294-9A82-3F5D93073CA7}
		{0C24BCD0-4390-3055-A2F6-2C8A42C3BC58} = {0C24BCD0-4390-3055-A2F6-2C8A42C3BC58}
		{F7A87D12-8383-3EAD-B8EE-9C1B283B98B4} = {F7A87D12-8383-3EAD-B8EE-9C1B283B98B4}
		{A232D01B-8121-365E-B21E-380119B4A2F8} = {A232D01B-8121-365E-B21E-380119B4A2F8}
		{F3CA099E-18E0-3B79-8AA3-8628C7922F09} = {F3CA099E-18E0-3B79-8AA3-8628C7922F09}
		{0C89160B-F0FF-3B00-A234-9EC8877EDEFF} = {0C89160B-F0FF-3B00-A234-9EC8877EDEFF}
		{AE105776-CAC0-304A-89A3-13174D730095} = {AE105776-CAC0-304A-89A3-13174D730095}
		{C7B12197-80DA-3FC4-9EAA-4EF3318CE198} = {C7B12197-80DA-3FC4-9EAA-4EF3318CE198}
		{282F506C-806C-33EF-884D-3E3E9CA8EE5D} = {282F506C-806C-33EF-884D-3E3E9CA8EE5D}
		{71298B85-1766-37FB-8A41-A254FDB48736} = {71298B85-1766-37FB-8A41-A254FDB48736}
	EndProjectSection
EndProject
Project("{8BC9CEB8-8B4A-11D0-8D11-00A0C91BC942}") = "example_gapi_oak_small_hetero_pipeline", "example_gapi_oak_small_hetero_pipeline.vcxproj", "{F0141090-C9CC-3DF5-8680-15EDDC06AB0A}"
	ProjectSection(ProjectDependencies) = postProject
		{A2B6B0A1-0116-3B54-BA2A-2EB40583D0C0} = {A2B6B0A1-0116-3B54-BA2A-2EB40583D0C0}
		{9F4C872A-07C5-34F4-97A1-A6FD09C48232} = {9F4C872A-07C5-34F4-97A1-A6FD09C48232}
		{236D9F3A-4D25-3745-A439-0D17D29C4B19} = {236D9F3A-4D25-3745-A439-0D17D29C4B19}
		{773D86A9-7F17-3DC3-8E3E-B3D3AF1688C0} = {773D86A9-7F17-3DC3-8E3E-B3D3AF1688C0}
		{25F1F230-8722-3294-9A82-3F5D93073CA7} = {25F1F230-8722-3294-9A82-3F5D93073CA7}
		{0C24BCD0-4390-3055-A2F6-2C8A42C3BC58} = {0C24BCD0-4390-3055-A2F6-2C8A42C3BC58}
		{F7A87D12-8383-3EAD-B8EE-9C1B283B98B4} = {F7A87D12-8383-3EAD-B8EE-9C1B283B98B4}
		{A232D01B-8121-365E-B21E-380119B4A2F8} = {A232D01B-8121-365E-B21E-380119B4A2F8}
		{F3CA099E-18E0-3B79-8AA3-8628C7922F09} = {F3CA099E-18E0-3B79-8AA3-8628C7922F09}
		{0C89160B-F0FF-3B00-A234-9EC8877EDEFF} = {0C89160B-F0FF-3B00-A234-9EC8877EDEFF}
		{AE105776-CAC0-304A-89A3-13174D730095} = {AE105776-CAC0-304A-89A3-13174D730095}
		{C7B12197-80DA-3FC4-9EAA-4EF3318CE198} = {C7B12197-80DA-3FC4-9EAA-4EF3318CE198}
		{282F506C-806C-33EF-884D-3E3E9CA8EE5D} = {282F506C-806C-33EF-884D-3E3E9CA8EE5D}
		{71298B85-1766-37FB-8A41-A254FDB48736} = {71298B85-1766-37FB-8A41-A254FDB48736}
	EndProjectSection
EndProject
Project("{8BC9CEB8-8B4A-11D0-8D11-00A0C91BC942}") = "example_gapi_onevpl_infer_with_advanced_device_selection", "example_gapi_onevpl_infer_with_advanced_device_selection.vcxproj", "{4E760740-5E33-3BC7-81C4-D939D99A5AF9}"
	ProjectSection(ProjectDependencies) = postProject
		{A2B6B0A1-0116-3B54-BA2A-2EB40583D0C0} = {A2B6B0A1-0116-3B54-BA2A-2EB40583D0C0}
		{9F4C872A-07C5-34F4-97A1-A6FD09C48232} = {9F4C872A-07C5-34F4-97A1-A6FD09C48232}
		{236D9F3A-4D25-3745-A439-0D17D29C4B19} = {236D9F3A-4D25-3745-A439-0D17D29C4B19}
		{773D86A9-7F17-3DC3-8E3E-B3D3AF1688C0} = {773D86A9-7F17-3DC3-8E3E-B3D3AF1688C0}
		{25F1F230-8722-3294-9A82-3F5D93073CA7} = {25F1F230-8722-3294-9A82-3F5D93073CA7}
		{0C24BCD0-4390-3055-A2F6-2C8A42C3BC58} = {0C24BCD0-4390-3055-A2F6-2C8A42C3BC58}
		{F7A87D12-8383-3EAD-B8EE-9C1B283B98B4} = {F7A87D12-8383-3EAD-B8EE-9C1B283B98B4}
		{A232D01B-8121-365E-B21E-380119B4A2F8} = {A232D01B-8121-365E-B21E-380119B4A2F8}
		{F3CA099E-18E0-3B79-8AA3-8628C7922F09} = {F3CA099E-18E0-3B79-8AA3-8628C7922F09}
		{0C89160B-F0FF-3B00-A234-9EC8877EDEFF} = {0C89160B-F0FF-3B00-A234-9EC8877EDEFF}
		{AE105776-CAC0-304A-89A3-13174D730095} = {AE105776-CAC0-304A-89A3-13174D730095}
		{C7B12197-80DA-3FC4-9EAA-4EF3318CE198} = {C7B12197-80DA-3FC4-9EAA-4EF3318CE198}
		{282F506C-806C-33EF-884D-3E3E9CA8EE5D} = {282F506C-806C-33EF-884D-3E3E9CA8EE5D}
		{71298B85-1766-37FB-8A41-A254FDB48736} = {71298B85-1766-37FB-8A41-A254FDB48736}
	EndProjectSection
EndProject
Project("{8BC9CEB8-8B4A-11D0-8D11-00A0C91BC942}") = "example_gapi_onevpl_source_to_bgr_conv", "example_gapi_onevpl_source_to_bgr_conv.vcxproj", "{4A796FDE-A7DE-33D4-B5DA-190EB18E8F18}"
	ProjectSection(ProjectDependencies) = postProject
		{A2B6B0A1-0116-3B54-BA2A-2EB40583D0C0} = {A2B6B0A1-0116-3B54-BA2A-2EB40583D0C0}
		{9F4C872A-07C5-34F4-97A1-A6FD09C48232} = {9F4C872A-07C5-34F4-97A1-A6FD09C48232}
		{236D9F3A-4D25-3745-A439-0D17D29C4B19} = {236D9F3A-4D25-3745-A439-0D17D29C4B19}
		{773D86A9-7F17-3DC3-8E3E-B3D3AF1688C0} = {773D86A9-7F17-3DC3-8E3E-B3D3AF1688C0}
		{25F1F230-8722-3294-9A82-3F5D93073CA7} = {25F1F230-8722-3294-9A82-3F5D93073CA7}
		{0C24BCD0-4390-3055-A2F6-2C8A42C3BC58} = {0C24BCD0-4390-3055-A2F6-2C8A42C3BC58}
		{F7A87D12-8383-3EAD-B8EE-9C1B283B98B4} = {F7A87D12-8383-3EAD-B8EE-9C1B283B98B4}
		{A232D01B-8121-365E-B21E-380119B4A2F8} = {A232D01B-8121-365E-B21E-380119B4A2F8}
		{F3CA099E-18E0-3B79-8AA3-8628C7922F09} = {F3CA099E-18E0-3B79-8AA3-8628C7922F09}
		{0C89160B-F0FF-3B00-A234-9EC8877EDEFF} = {0C89160B-F0FF-3B00-A234-9EC8877EDEFF}
		{AE105776-CAC0-304A-89A3-13174D730095} = {AE105776-CAC0-304A-89A3-13174D730095}
		{C7B12197-80DA-3FC4-9EAA-4EF3318CE198} = {C7B12197-80DA-3FC4-9EAA-4EF3318CE198}
		{282F506C-806C-33EF-884D-3E3E9CA8EE5D} = {282F506C-806C-33EF-884D-3E3E9CA8EE5D}
		{71298B85-1766-37FB-8A41-A254FDB48736} = {71298B85-1766-37FB-8A41-A254FDB48736}
	EndProjectSection
EndProject
Project("{8BC9CEB8-8B4A-11D0-8D11-00A0C91BC942}") = "example_gapi_pipeline_modeling_tool", "example_gapi_pipeline_modeling_tool.vcxproj", "{E313BCDC-E2A7-3522-81C4-4CF71D934E9F}"
	ProjectSection(ProjectDependencies) = postProject
		{A2B6B0A1-0116-3B54-BA2A-2EB40583D0C0} = {A2B6B0A1-0116-3B54-BA2A-2EB40583D0C0}
		{9F4C872A-07C5-34F4-97A1-A6FD09C48232} = {9F4C872A-07C5-34F4-97A1-A6FD09C48232}
		{236D9F3A-4D25-3745-A439-0D17D29C4B19} = {236D9F3A-4D25-3745-A439-0D17D29C4B19}
		{773D86A9-7F17-3DC3-8E3E-B3D3AF1688C0} = {773D86A9-7F17-3DC3-8E3E-B3D3AF1688C0}
		{25F1F230-8722-3294-9A82-3F5D93073CA7} = {25F1F230-8722-3294-9A82-3F5D93073CA7}
		{0C24BCD0-4390-3055-A2F6-2C8A42C3BC58} = {0C24BCD0-4390-3055-A2F6-2C8A42C3BC58}
		{F7A87D12-8383-3EAD-B8EE-9C1B283B98B4} = {F7A87D12-8383-3EAD-B8EE-9C1B283B98B4}
		{A232D01B-8121-365E-B21E-380119B4A2F8} = {A232D01B-8121-365E-B21E-380119B4A2F8}
		{F3CA099E-18E0-3B79-8AA3-8628C7922F09} = {F3CA099E-18E0-3B79-8AA3-8628C7922F09}
		{0C89160B-F0FF-3B00-A234-9EC8877EDEFF} = {0C89160B-F0FF-3B00-A234-9EC8877EDEFF}
		{AE105776-CAC0-304A-89A3-13174D730095} = {AE105776-CAC0-304A-89A3-13174D730095}
		{C7B12197-80DA-3FC4-9EAA-4EF3318CE198} = {C7B12197-80DA-3FC4-9EAA-4EF3318CE198}
		{282F506C-806C-33EF-884D-3E3E9CA8EE5D} = {282F506C-806C-33EF-884D-3E3E9CA8EE5D}
		{71298B85-1766-37FB-8A41-A254FDB48736} = {71298B85-1766-37FB-8A41-A254FDB48736}
	EndProjectSection
EndProject
Project("{8BC9CEB8-8B4A-11D0-8D11-00A0C91BC942}") = "example_gapi_privacy_masking_camera", "example_gapi_privacy_masking_camera.vcxproj", "{065E3AE3-48DD-3BA6-B8BF-8D4FA83808D3}"
	ProjectSection(ProjectDependencies) = postProject
		{A2B6B0A1-0116-3B54-BA2A-2EB40583D0C0} = {A2B6B0A1-0116-3B54-BA2A-2EB40583D0C0}
		{9F4C872A-07C5-34F4-97A1-A6FD09C48232} = {9F4C872A-07C5-34F4-97A1-A6FD09C48232}
		{236D9F3A-4D25-3745-A439-0D17D29C4B19} = {236D9F3A-4D25-3745-A439-0D17D29C4B19}
		{773D86A9-7F17-3DC3-8E3E-B3D3AF1688C0} = {773D86A9-7F17-3DC3-8E3E-B3D3AF1688C0}
		{25F1F230-8722-3294-9A82-3F5D93073CA7} = {25F1F230-8722-3294-9A82-3F5D93073CA7}
		{0C24BCD0-4390-3055-A2F6-2C8A42C3BC58} = {0C24BCD0-4390-3055-A2F6-2C8A42C3BC58}
		{F7A87D12-8383-3EAD-B8EE-9C1B283B98B4} = {F7A87D12-8383-3EAD-B8EE-9C1B283B98B4}
		{A232D01B-8121-365E-B21E-380119B4A2F8} = {A232D01B-8121-365E-B21E-380119B4A2F8}
		{F3CA099E-18E0-3B79-8AA3-8628C7922F09} = {F3CA099E-18E0-3B79-8AA3-8628C7922F09}
		{0C89160B-F0FF-3B00-A234-9EC8877EDEFF} = {0C89160B-F0FF-3B00-A234-9EC8877EDEFF}
		{AE105776-CAC0-304A-89A3-13174D730095} = {AE105776-CAC0-304A-89A3-13174D730095}
		{C7B12197-80DA-3FC4-9EAA-4EF3318CE198} = {C7B12197-80DA-3FC4-9EAA-4EF3318CE198}
		{282F506C-806C-33EF-884D-3E3E9CA8EE5D} = {282F506C-806C-33EF-884D-3E3E9CA8EE5D}
		{71298B85-1766-37FB-8A41-A254FDB48736} = {71298B85-1766-37FB-8A41-A254FDB48736}
	EndProjectSection
EndProject
Project("{8BC9CEB8-8B4A-11D0-8D11-00A0C91BC942}") = "example_gapi_semantic_segmentation", "example_gapi_semantic_segmentation.vcxproj", "{CEEFBA9A-95EF-3902-A07E-36A6E76726AA}"
	ProjectSection(ProjectDependencies) = postProject
		{A2B6B0A1-0116-3B54-BA2A-2EB40583D0C0} = {A2B6B0A1-0116-3B54-BA2A-2EB40583D0C0}
		{9F4C872A-07C5-34F4-97A1-A6FD09C48232} = {9F4C872A-07C5-34F4-97A1-A6FD09C48232}
		{236D9F3A-4D25-3745-A439-0D17D29C4B19} = {236D9F3A-4D25-3745-A439-0D17D29C4B19}
		{773D86A9-7F17-3DC3-8E3E-B3D3AF1688C0} = {773D86A9-7F17-3DC3-8E3E-B3D3AF1688C0}
		{25F1F230-8722-3294-9A82-3F5D93073CA7} = {25F1F230-8722-3294-9A82-3F5D93073CA7}
		{0C24BCD0-4390-3055-A2F6-2C8A42C3BC58} = {0C24BCD0-4390-3055-A2F6-2C8A42C3BC58}
		{F7A87D12-8383-3EAD-B8EE-9C1B283B98B4} = {F7A87D12-8383-3EAD-B8EE-9C1B283B98B4}
		{A232D01B-8121-365E-B21E-380119B4A2F8} = {A232D01B-8121-365E-B21E-380119B4A2F8}
		{F3CA099E-18E0-3B79-8AA3-8628C7922F09} = {F3CA099E-18E0-3B79-8AA3-8628C7922F09}
		{0C89160B-F0FF-3B00-A234-9EC8877EDEFF} = {0C89160B-F0FF-3B00-A234-9EC8877EDEFF}
		{AE105776-CAC0-304A-89A3-13174D730095} = {AE105776-CAC0-304A-89A3-13174D730095}
		{C7B12197-80DA-3FC4-9EAA-4EF3318CE198} = {C7B12197-80DA-3FC4-9EAA-4EF3318CE198}
		{282F506C-806C-33EF-884D-3E3E9CA8EE5D} = {282F506C-806C-33EF-884D-3E3E9CA8EE5D}
		{71298B85-1766-37FB-8A41-A254FDB48736} = {71298B85-1766-37FB-8A41-A254FDB48736}
	EndProjectSection
EndProject
Project("{8BC9CEB8-8B4A-11D0-8D11-00A0C91BC942}") = "example_gapi_slides_blur_gapi", "example_gapi_slides_blur_gapi.vcxproj", "{07DA9D9A-FAA1-39AB-9FB8-F77CF1A99E1F}"
	ProjectSection(ProjectDependencies) = postProject
		{A2B6B0A1-0116-3B54-BA2A-2EB40583D0C0} = {A2B6B0A1-0116-3B54-BA2A-2EB40583D0C0}
		{9F4C872A-07C5-34F4-97A1-A6FD09C48232} = {9F4C872A-07C5-34F4-97A1-A6FD09C48232}
		{236D9F3A-4D25-3745-A439-0D17D29C4B19} = {236D9F3A-4D25-3745-A439-0D17D29C4B19}
		{773D86A9-7F17-3DC3-8E3E-B3D3AF1688C0} = {773D86A9-7F17-3DC3-8E3E-B3D3AF1688C0}
		{25F1F230-8722-3294-9A82-3F5D93073CA7} = {25F1F230-8722-3294-9A82-3F5D93073CA7}
		{0C24BCD0-4390-3055-A2F6-2C8A42C3BC58} = {0C24BCD0-4390-3055-A2F6-2C8A42C3BC58}
		{F7A87D12-8383-3EAD-B8EE-9C1B283B98B4} = {F7A87D12-8383-3EAD-B8EE-9C1B283B98B4}
		{A232D01B-8121-365E-B21E-380119B4A2F8} = {A232D01B-8121-365E-B21E-380119B4A2F8}
		{F3CA099E-18E0-3B79-8AA3-8628C7922F09} = {F3CA099E-18E0-3B79-8AA3-8628C7922F09}
		{0C89160B-F0FF-3B00-A234-9EC8877EDEFF} = {0C89160B-F0FF-3B00-A234-9EC8877EDEFF}
		{AE105776-CAC0-304A-89A3-13174D730095} = {AE105776-CAC0-304A-89A3-13174D730095}
		{C7B12197-80DA-3FC4-9EAA-4EF3318CE198} = {C7B12197-80DA-3FC4-9EAA-4EF3318CE198}
		{282F506C-806C-33EF-884D-3E3E9CA8EE5D} = {282F506C-806C-33EF-884D-3E3E9CA8EE5D}
		{71298B85-1766-37FB-8A41-A254FDB48736} = {71298B85-1766-37FB-8A41-A254FDB48736}
	EndProjectSection
EndProject
Project("{8BC9CEB8-8B4A-11D0-8D11-00A0C91BC942}") = "example_gapi_slides_sobel_cv", "example_gapi_slides_sobel_cv.vcxproj", "{5E05CA5A-14FA-3F46-BD1F-9B3FFD14F7A1}"
	ProjectSection(ProjectDependencies) = postProject
		{A2B6B0A1-0116-3B54-BA2A-2EB40583D0C0} = {A2B6B0A1-0116-3B54-BA2A-2EB40583D0C0}
		{9F4C872A-07C5-34F4-97A1-A6FD09C48232} = {9F4C872A-07C5-34F4-97A1-A6FD09C48232}
		{236D9F3A-4D25-3745-A439-0D17D29C4B19} = {236D9F3A-4D25-3745-A439-0D17D29C4B19}
		{773D86A9-7F17-3DC3-8E3E-B3D3AF1688C0} = {773D86A9-7F17-3DC3-8E3E-B3D3AF1688C0}
		{25F1F230-8722-3294-9A82-3F5D93073CA7} = {25F1F230-8722-3294-9A82-3F5D93073CA7}
		{0C24BCD0-4390-3055-A2F6-2C8A42C3BC58} = {0C24BCD0-4390-3055-A2F6-2C8A42C3BC58}
		{F7A87D12-8383-3EAD-B8EE-9C1B283B98B4} = {F7A87D12-8383-3EAD-B8EE-9C1B283B98B4}
		{A232D01B-8121-365E-B21E-380119B4A2F8} = {A232D01B-8121-365E-B21E-380119B4A2F8}
		{F3CA099E-18E0-3B79-8AA3-8628C7922F09} = {F3CA099E-18E0-3B79-8AA3-8628C7922F09}
		{0C89160B-F0FF-3B00-A234-9EC8877EDEFF} = {0C89160B-F0FF-3B00-A234-9EC8877EDEFF}
		{AE105776-CAC0-304A-89A3-13174D730095} = {AE105776-CAC0-304A-89A3-13174D730095}
		{C7B12197-80DA-3FC4-9EAA-4EF3318CE198} = {C7B12197-80DA-3FC4-9EAA-4EF3318CE198}
		{282F506C-806C-33EF-884D-3E3E9CA8EE5D} = {282F506C-806C-33EF-884D-3E3E9CA8EE5D}
		{71298B85-1766-37FB-8A41-A254FDB48736} = {71298B85-1766-37FB-8A41-A254FDB48736}
	EndProjectSection
EndProject
Project("{8BC9CEB8-8B4A-11D0-8D11-00A0C91BC942}") = "example_gapi_slides_sobel_gapi", "example_gapi_slides_sobel_gapi.vcxproj", "{E330EAE7-C580-3568-97BC-E3B6E3012D3D}"
	ProjectSection(ProjectDependencies) = postProject
		{A2B6B0A1-0116-3B54-BA2A-2EB40583D0C0} = {A2B6B0A1-0116-3B54-BA2A-2EB40583D0C0}
		{9F4C872A-07C5-34F4-97A1-A6FD09C48232} = {9F4C872A-07C5-34F4-97A1-A6FD09C48232}
		{236D9F3A-4D25-3745-A439-0D17D29C4B19} = {236D9F3A-4D25-3745-A439-0D17D29C4B19}
		{773D86A9-7F17-3DC3-8E3E-B3D3AF1688C0} = {773D86A9-7F17-3DC3-8E3E-B3D3AF1688C0}
		{25F1F230-8722-3294-9A82-3F5D93073CA7} = {25F1F230-8722-3294-9A82-3F5D93073CA7}
		{0C24BCD0-4390-3055-A2F6-2C8A42C3BC58} = {0C24BCD0-4390-3055-A2F6-2C8A42C3BC58}
		{F7A87D12-8383-3EAD-B8EE-9C1B283B98B4} = {F7A87D12-8383-3EAD-B8EE-9C1B283B98B4}
		{A232D01B-8121-365E-B21E-380119B4A2F8} = {A232D01B-8121-365E-B21E-380119B4A2F8}
		{F3CA099E-18E0-3B79-8AA3-8628C7922F09} = {F3CA099E-18E0-3B79-8AA3-8628C7922F09}
		{0C89160B-F0FF-3B00-A234-9EC8877EDEFF} = {0C89160B-F0FF-3B00-A234-9EC8877EDEFF}
		{AE105776-CAC0-304A-89A3-13174D730095} = {AE105776-CAC0-304A-89A3-13174D730095}
		{C7B12197-80DA-3FC4-9EAA-4EF3318CE198} = {C7B12197-80DA-3FC4-9EAA-4EF3318CE198}
		{282F506C-806C-33EF-884D-3E3E9CA8EE5D} = {282F506C-806C-33EF-884D-3E3E9CA8EE5D}
		{71298B85-1766-37FB-8A41-A254FDB48736} = {71298B85-1766-37FB-8A41-A254FDB48736}
	EndProjectSection
EndProject
Project("{8BC9CEB8-8B4A-11D0-8D11-00A0C91BC942}") = "example_gapi_text_detection", "example_gapi_text_detection.vcxproj", "{1CC45481-48D5-3366-A85A-AE0F225EAB64}"
	ProjectSection(ProjectDependencies) = postProject
		{A2B6B0A1-0116-3B54-BA2A-2EB40583D0C0} = {A2B6B0A1-0116-3B54-BA2A-2EB40583D0C0}
		{9F4C872A-07C5-34F4-97A1-A6FD09C48232} = {9F4C872A-07C5-34F4-97A1-A6FD09C48232}
		{236D9F3A-4D25-3745-A439-0D17D29C4B19} = {236D9F3A-4D25-3745-A439-0D17D29C4B19}
		{773D86A9-7F17-3DC3-8E3E-B3D3AF1688C0} = {773D86A9-7F17-3DC3-8E3E-B3D3AF1688C0}
		{25F1F230-8722-3294-9A82-3F5D93073CA7} = {25F1F230-8722-3294-9A82-3F5D93073CA7}
		{0C24BCD0-4390-3055-A2F6-2C8A42C3BC58} = {0C24BCD0-4390-3055-A2F6-2C8A42C3BC58}
		{F7A87D12-8383-3EAD-B8EE-9C1B283B98B4} = {F7A87D12-8383-3EAD-B8EE-9C1B283B98B4}
		{A232D01B-8121-365E-B21E-380119B4A2F8} = {A232D01B-8121-365E-B21E-380119B4A2F8}
		{F3CA099E-18E0-3B79-8AA3-8628C7922F09} = {F3CA099E-18E0-3B79-8AA3-8628C7922F09}
		{0C89160B-F0FF-3B00-A234-9EC8877EDEFF} = {0C89160B-F0FF-3B00-A234-9EC8877EDEFF}
		{AE105776-CAC0-304A-89A3-13174D730095} = {AE105776-CAC0-304A-89A3-13174D730095}
		{C7B12197-80DA-3FC4-9EAA-4EF3318CE198} = {C7B12197-80DA-3FC4-9EAA-4EF3318CE198}
		{282F506C-806C-33EF-884D-3E3E9CA8EE5D} = {282F506C-806C-33EF-884D-3E3E9CA8EE5D}
		{71298B85-1766-37FB-8A41-A254FDB48736} = {71298B85-1766-37FB-8A41-A254FDB48736}
	EndProjectSection
EndProject
Project("{8BC9CEB8-8B4A-11D0-8D11-00A0C91BC942}") = "jsimd", "..\..\3rdparty\libjpeg-turbo\jsimd.vcxproj", "{5AA2EDFF-19C7-321B-AF8E-EF048850274A}"
	ProjectSection(ProjectDependencies) = postProject
		{A2B6B0A1-0116-3B54-BA2A-2EB40583D0C0} = {A2B6B0A1-0116-3B54-BA2A-2EB40583D0C0}
	EndProjectSection
EndProject
Project("{8BC9CEB8-8B4A-11D0-8D11-00A0C91BC942}") = "libjpeg-turbo", "..\..\3rdparty\libjpeg-turbo\libjpeg-turbo.vcxproj", "{62B866CB-7714-3C1A-9252-BCA1F8C1DFBC}"
	ProjectSection(ProjectDependencies) = postProject
		{A2B6B0A1-0116-3B54-BA2A-2EB40583D0C0} = {A2B6B0A1-0116-3B54-BA2A-2EB40583D0C0}
		{5AA2EDFF-19C7-321B-AF8E-EF048850274A} = {5AA2EDFF-19C7-321B-AF8E-EF048850274A}
	EndProjectSection
EndProject
Project("{8BC9CEB8-8B4A-11D0-8D11-00A0C91BC942}") = "libopenjp2", "..\..\3rdparty\openjpeg\openjp2\libopenjp2.vcxproj", "{A14E548A-5288-34A7-9C1C-80B6476605C1}"
	ProjectSection(ProjectDependencies) = postProject
		{A2B6B0A1-0116-3B54-BA2A-2EB40583D0C0} = {A2B6B0A1-0116-3B54-BA2A-2EB40583D0C0}
	EndProjectSection
EndProject
Project("{8BC9CEB8-8B4A-11D0-8D11-00A0C91BC942}") = "libpng", "..\..\3rdparty\libpng\libpng.vcxproj", "{978D094A-68DD-3BB9-A26D-A1848DD8050A}"
	ProjectSection(ProjectDependencies) = postProject
		{A2B6B0A1-0116-3B54-BA2A-2EB40583D0C0} = {A2B6B0A1-0116-3B54-BA2A-2EB40583D0C0}
		{3A04D858-B82E-3A36-8AA0-1CA8EDAF9FE7} = {3A04D858-B82E-3A36-8AA0-1CA8EDAF9FE7}
	EndProjectSection
EndProject
Project("{8BC9CEB8-8B4A-11D0-8D11-00A0C91BC942}") = "libprotobuf", "..\..\3rdparty\protobuf\libprotobuf.vcxproj", "{E43046B4-1ED1-3DF1-9F99-834EBC22AC4B}"
	ProjectSection(ProjectDependencies) = postProject
		{A2B6B0A1-0116-3B54-BA2A-2EB40583D0C0} = {A2B6B0A1-0116-3B54-BA2A-2EB40583D0C0}
	EndProjectSection
EndProject
Project("{8BC9CEB8-8B4A-11D0-8D11-00A0C91BC942}") = "libtiff", "..\..\3rdparty\libtiff\libtiff.vcxproj", "{2EFBDC74-2413-3C7F-898C-B7A7DF6DE808}"
	ProjectSection(ProjectDependencies) = postProject
		{A2B6B0A1-0116-3B54-BA2A-2EB40583D0C0} = {A2B6B0A1-0116-3B54-BA2A-2EB40583D0C0}
		{3A04D858-B82E-3A36-8AA0-1CA8EDAF9FE7} = {3A04D858-B82E-3A36-8AA0-1CA8EDAF9FE7}
	EndProjectSection
EndProject
Project("{8BC9CEB8-8B4A-11D0-8D11-00A0C91BC942}") = "libwebp", "..\..\3rdparty\libwebp\libwebp.vcxproj", "{220DAAA7-4AD6-30AF-97F5-8873DCF9F38C}"
	ProjectSection(ProjectDependencies) = postProject
		{A2B6B0A1-0116-3B54-BA2A-2EB40583D0C0} = {A2B6B0A1-0116-3B54-BA2A-2EB40583D0C0}
	EndProjectSection
EndProject
Project("{8BC9CEB8-8B4A-11D0-8D11-00A0C91BC942}") = "opencv_calib3d", "..\calib3d\opencv_calib3d.vcxproj", "{9F4C872A-07C5-34F4-97A1-A6FD09C48232}"
	ProjectSection(ProjectDependencies) = postProject
		{A2B6B0A1-0116-3B54-BA2A-2EB40583D0C0} = {A2B6B0A1-0116-3B54-BA2A-2EB40583D0C0}
		{236D9F3A-4D25-3745-A439-0D17D29C4B19} = {236D9F3A-4D25-3745-A439-0D17D29C4B19}
		{25F1F230-8722-3294-9A82-3F5D93073CA7} = {25F1F230-8722-3294-9A82-3F5D93073CA7}
		{0C24BCD0-4390-3055-A2F6-2C8A42C3BC58} = {0C24BCD0-4390-3055-A2F6-2C8A42C3BC58}
		{AE105776-CAC0-304A-89A3-13174D730095} = {AE105776-CAC0-304A-89A3-13174D730095}
	EndProjectSection
EndProject
Project("{8BC9CEB8-8B4A-11D0-8D11-00A0C91BC942}") = "opencv_core", "..\core\opencv_core.vcxproj", "{236D9F3A-4D25-3745-A439-0D17D29C4B19}"
	ProjectSection(ProjectDependencies) = postProject
		{A2B6B0A1-0116-3B54-BA2A-2EB40583D0C0} = {A2B6B0A1-0116-3B54-BA2A-2EB40583D0C0}
		{3A04D858-B82E-3A36-8AA0-1CA8EDAF9FE7} = {3A04D858-B82E-3A36-8AA0-1CA8EDAF9FE7}
	EndProjectSection
EndProject
Project("{8BC9CEB8-8B4A-11D0-8D11-00A0C91BC942}") = "opencv_dnn", "..\dnn\opencv_dnn.vcxproj", "{773D86A9-7F17-3DC3-8E3E-B3D3AF1688C0}"
	ProjectSection(ProjectDependencies) = postProject
		{A2B6B0A1-0116-3B54-BA2A-2EB40583D0C0} = {A2B6B0A1-0116-3B54-BA2A-2EB40583D0C0}
		{E43046B4-1ED1-3DF1-9F99-834EBC22AC4B} = {E43046B4-1ED1-3DF1-9F99-834EBC22AC4B}
		{236D9F3A-4D25-3745-A439-0D17D29C4B19} = {236D9F3A-4D25-3745-A439-0D17D29C4B19}
		{AE105776-CAC0-304A-89A3-13174D730095} = {AE105776-CAC0-304A-89A3-13174D730095}
	EndProjectSection
EndProject
Project("{8BC9CEB8-8B4A-11D0-8D11-00A0C91BC942}") = "opencv_features2d", "..\features2d\opencv_features2d.vcxproj", "{25F1F230-8722-3294-9A82-3F5D93073CA7}"
	ProjectSection(ProjectDependencies) = postProject
		{A2B6B0A1-0116-3B54-BA2A-2EB40583D0C0} = {A2B6B0A1-0116-3B54-BA2A-2EB40583D0C0}
		{236D9F3A-4D25-3745-A439-0D17D29C4B19} = {236D9F3A-4D25-3745-A439-0D17D29C4B19}
		{0C24BCD0-4390-3055-A2F6-2C8A42C3BC58} = {0C24BCD0-4390-3055-A2F6-2C8A42C3BC58}
		{AE105776-CAC0-304A-89A3-13174D730095} = {AE105776-CAC0-304A-89A3-13174D730095}
	EndProjectSection
EndProject
Project("{8BC9CEB8-8B4A-11D0-8D11-00A0C91BC942}") = "opencv_flann", "..\flann\opencv_flann.vcxproj", "{0C24BCD0-4390-3055-A2F6-2C8A42C3BC58}"
	ProjectSection(ProjectDependencies) = postProject
		{A2B6B0A1-0116-3B54-BA2A-2EB40583D0C0} = {A2B6B0A1-0116-3B54-BA2A-2EB40583D0C0}
		{236D9F3A-4D25-3745-A439-0D17D29C4B19} = {236D9F3A-4D25-3745-A439-0D17D29C4B19}
	EndProjectSection
EndProject
Project("{8BC9CEB8-8B4A-11D0-8D11-00A0C91BC942}") = "opencv_gapi", "opencv_gapi.vcxproj", "{F7A87D12-8383-3EAD-B8EE-9C1B283B98B4}"
	ProjectSection(ProjectDependencies) = postProject
		{A2B6B0A1-0116-3B54-BA2A-2EB40583D0C0} = {A2B6B0A1-0116-3B54-BA2A-2EB40583D0C0}
		{5EC8C66B-E81D-3DF4-8ACB-5471038622E3} = {5EC8C66B-E81D-3DF4-8ACB-5471038622E3}
		{9F4C872A-07C5-34F4-97A1-A6FD09C48232} = {9F4C872A-07C5-34F4-97A1-A6FD09C48232}
		{236D9F3A-4D25-3745-A439-0D17D29C4B19} = {236D9F3A-4D25-3745-A439-0D17D29C4B19}
		{773D86A9-7F17-3DC3-8E3E-B3D3AF1688C0} = {773D86A9-7F17-3DC3-8E3E-B3D3AF1688C0}
		{25F1F230-8722-3294-9A82-3F5D93073CA7} = {25F1F230-8722-3294-9A82-3F5D93073CA7}
		{0C24BCD0-4390-3055-A2F6-2C8A42C3BC58} = {0C24BCD0-4390-3055-A2F6-2C8A42C3BC58}
		{AE105776-CAC0-304A-89A3-13174D730095} = {AE105776-CAC0-304A-89A3-13174D730095}
		{C7B12197-80DA-3FC4-9EAA-4EF3318CE198} = {C7B12197-80DA-3FC4-9EAA-4EF3318CE198}
	EndProjectSection
EndProject
Project("{8BC9CEB8-8B4A-11D0-8D11-00A0C91BC942}") = "opencv_highgui", "..\highgui\opencv_highgui.vcxproj", "{A232D01B-8121-365E-B21E-380119B4A2F8}"
	ProjectSection(ProjectDependencies) = postProject
		{A2B6B0A1-0116-3B54-BA2A-2EB40583D0C0} = {A2B6B0A1-0116-3B54-BA2A-2EB40583D0C0}
		{236D9F3A-4D25-3745-A439-0D17D29C4B19} = {236D9F3A-4D25-3745-A439-0D17D29C4B19}
		{0C89160B-F0FF-3B00-A234-9EC8877EDEFF} = {0C89160B-F0FF-3B00-A234-9EC8877EDEFF}
		{AE105776-CAC0-304A-89A3-13174D730095} = {AE105776-CAC0-304A-89A3-13174D730095}
		{282F506C-806C-33EF-884D-3E3E9CA8EE5D} = {282F506C-806C-33EF-884D-3E3E9CA8EE5D}
	EndProjectSection
EndProject
Project("{8BC9CEB8-8B4A-11D0-8D11-00A0C91BC942}") = "opencv_highgui_plugins", "..\..\\opencv_highgui_plugins.vcxproj", "{F3CA099E-18E0-3B79-8AA3-8628C7922F09}"
	ProjectSection(ProjectDependencies) = postProject
		{A2B6B0A1-0116-3B54-BA2A-2EB40583D0C0} = {A2B6B0A1-0116-3B54-BA2A-2EB40583D0C0}
	EndProjectSection
EndProject
Project("{8BC9CEB8-8B4A-11D0-8D11-00A0C91BC942}") = "opencv_imgcodecs", "..\imgcodecs\opencv_imgcodecs.vcxproj", "{0C89160B-F0FF-3B00-A234-9EC8877EDEFF}"
	ProjectSection(ProjectDependencies) = postProject
		{A2B6B0A1-0116-3B54-BA2A-2EB40583D0C0} = {A2B6B0A1-0116-3B54-BA2A-2EB40583D0C0}
		{62B866CB-7714-3C1A-9252-BCA1F8C1DFBC} = {62B866CB-7714-3C1A-9252-BCA1F8C1DFBC}
		{A14E548A-5288-34A7-9C1C-80B6476605C1} = {A14E548A-5288-34A7-9C1C-80B6476605C1}
		{978D094A-68DD-3BB9-A26D-A1848DD8050A} = {978D094A-68DD-3BB9-A26D-A1848DD8050A}
		{2EFBDC74-2413-3C7F-898C-B7A7DF6DE808} = {2EFBDC74-2413-3C7F-898C-B7A7DF6DE808}
		{220DAAA7-4AD6-30AF-97F5-8873DCF9F38C} = {220DAAA7-4AD6-30AF-97F5-8873DCF9F38C}
		{236D9F3A-4D25-3745-A439-0D17D29C4B19} = {236D9F3A-4D25-3745-A439-0D17D29C4B19}
		{AE105776-CAC0-304A-89A3-13174D730095} = {AE105776-CAC0-304A-89A3-13174D730095}
		{3A04D858-B82E-3A36-8AA0-1CA8EDAF9FE7} = {3A04D858-B82E-3A36-8AA0-1CA8EDAF9FE7}
	EndProjectSection
EndProject
Project("{8BC9CEB8-8B4A-11D0-8D11-00A0C91BC942}") = "opencv_imgproc", "..\imgproc\opencv_imgproc.vcxproj", "{AE105776-CAC0-304A-89A3-13174D730095}"
	ProjectSection(ProjectDependencies) = postProject
		{A2B6B0A1-0116-3B54-BA2A-2EB40583D0C0} = {A2B6B0A1-0116-3B54-BA2A-2EB40583D0C0}
		{236D9F3A-4D25-3745-A439-0D17D29C4B19} = {236D9F3A-4D25-3745-A439-0D17D29C4B19}
	EndProjectSection
EndProject
Project("{8BC9CEB8-8B4A-11D0-8D11-00A0C91BC942}") = "opencv_samples_gapi", "opencv_samples_gapi.vcxproj", "{9788107A-102F-30A4-B578-28C48EBDD4EF}"
	ProjectSection(ProjectDependencies) = postProject
		{A2B6B0A1-0116-3B54-BA2A-2EB40583D0C0} = {A2B6B0A1-0116-3B54-BA2A-2EB40583D0C0}
		{C0C81A5B-A87C-374C-9952-4CDD19ACCC39} = {C0C81A5B-A87C-374C-9952-4CDD19ACCC39}
		{1699B126-F854-3D9B-B2D0-3CE3CA0FE45C} = {1699B126-F854-3D9B-B2D0-3CE3CA0FE45C}
		{9653DFC1-20C6-328B-8CC0-5C6DACCC0CBF} = {9653DFC1-20C6-328B-8CC0-5C6DACCC0CBF}
		{689A6849-31B3-3BE0-A99A-7C78F73D8282} = {689A6849-31B3-3BE0-A99A-7C78F73D8282}
		{31683E2D-8CD1-3261-B931-59C404D46D24} = {31683E2D-8CD1-3261-B931-59C404D46D24}
		{EE8D18F9-204E-331B-B076-8E2889183D47} = {EE8D18F9-204E-331B-B076-8E2889183D47}
		{1AAA1413-127F-3D93-8011-8C44309718F3} = {1AAA1413-127F-3D93-8011-8C44309718F3}
		{0B31A5D5-D18D-39F5-BC2E-DAC3D9426DF8} = {0B31A5D5-D18D-39F5-BC2E-DAC3D9426DF8}
		{1F8724A0-1C71-3004-96AF-32EB4B4342E5} = {1F8724A0-1C71-3004-96AF-32EB4B4342E5}
		{90D69877-18F6-3CDF-A51B-11AE7B1C9559} = {90D69877-18F6-3CDF-A51B-11AE7B1C9559}
		{F0141090-C9CC-3DF5-8680-15EDDC06AB0A} = {F0141090-C9CC-3DF5-8680-15EDDC06AB0A}
		{4E760740-5E33-3BC7-81C4-D939D99A5AF9} = {4E760740-5E33-3BC7-81C4-D939D99A5AF9}
		{4A796FDE-A7DE-33D4-B5DA-190EB18E8F18} = {4A796FDE-A7DE-33D4-B5DA-190EB18E8F18}
		{E313BCDC-E2A7-3522-81C4-4CF71D934E9F} = {E313BCDC-E2A7-3522-81C4-4CF71D934E9F}
		{065E3AE3-48DD-3BA6-B8BF-8D4FA83808D3} = {065E3AE3-48DD-3BA6-B8BF-8D4FA83808D3}
		{CEEFBA9A-95EF-3902-A07E-36A6E76726AA} = {CEEFBA9A-95EF-3902-A07E-36A6E76726AA}
		{07DA9D9A-FAA1-39AB-9FB8-F77CF1A99E1F} = {07DA9D9A-FAA1-39AB-9FB8-F77CF1A99E1F}
		{5E05CA5A-14FA-3F46-BD1F-9B3FFD14F7A1} = {5E05CA5A-14FA-3F46-BD1F-9B3FFD14F7A1}
		{E330EAE7-C580-3568-97BC-E3B6E3012D3D} = {E330EAE7-C580-3568-97BC-E3B6E3012D3D}
		{1CC45481-48D5-3366-A85A-AE0F225EAB64} = {1CC45481-48D5-3366-A85A-AE0F225EAB64}
	EndProjectSection
EndProject
Project("{8BC9CEB8-8B4A-11D0-8D11-00A0C91BC942}") = "opencv_video", "..\video\opencv_video.vcxproj", "{C7B12197-80DA-3FC4-9EAA-4EF3318CE198}"
	ProjectSection(ProjectDependencies) = postProject
		{A2B6B0A1-0116-3B54-BA2A-2EB40583D0C0} = {A2B6B0A1-0116-3B54-BA2A-2EB40583D0C0}
		{9F4C872A-07C5-34F4-97A1-A6FD09C48232} = {9F4C872A-07C5-34F4-97A1-A6FD09C48232}
		{236D9F3A-4D25-3745-A439-0D17D29C4B19} = {236D9F3A-4D25-3745-A439-0D17D29C4B19}
		{773D86A9-7F17-3DC3-8E3E-B3D3AF1688C0} = {773D86A9-7F17-3DC3-8E3E-B3D3AF1688C0}
		{25F1F230-8722-3294-9A82-3F5D93073CA7} = {25F1F230-8722-3294-9A82-3F5D93073CA7}
		{0C24BCD0-4390-3055-A2F6-2C8A42C3BC58} = {0C24BCD0-4390-3055-A2F6-2C8A42C3BC58}
		{AE105776-CAC0-304A-89A3-13174D730095} = {AE105776-CAC0-304A-89A3-13174D730095}
	EndProjectSection
EndProject
Project("{8BC9CEB8-8B4A-11D0-8D11-00A0C91BC942}") = "opencv_videoio", "..\videoio\opencv_videoio.vcxproj", "{282F506C-806C-33EF-884D-3E3E9CA8EE5D}"
	ProjectSection(ProjectDependencies) = postProject
		{A2B6B0A1-0116-3B54-BA2A-2EB40583D0C0} = {A2B6B0A1-0116-3B54-BA2A-2EB40583D0C0}
		{236D9F3A-4D25-3745-A439-0D17D29C4B19} = {236D9F3A-4D25-3745-A439-0D17D29C4B19}
		{0C89160B-F0FF-3B00-A234-9EC8877EDEFF} = {0C89160B-F0FF-3B00-A234-9EC8877EDEFF}
		{AE105776-CAC0-304A-89A3-13174D730095} = {AE105776-CAC0-304A-89A3-13174D730095}
	EndProjectSection
EndProject
Project("{8BC9CEB8-8B4A-11D0-8D11-00A0C91BC942}") = "opencv_videoio_plugins", "..\.firstpass\videoio\opencv_videoio_plugins.vcxproj", "{71298B85-1766-37FB-8A41-A254FDB48736}"
	ProjectSection(ProjectDependencies) = postProject
		{A2B6B0A1-0116-3B54-BA2A-2EB40583D0C0} = {A2B6B0A1-0116-3B54-BA2A-2EB40583D0C0}
	EndProjectSection
EndProject
Project("{8BC9CEB8-8B4A-11D0-8D11-00A0C91BC942}") = "zlib", "..\..\3rdparty\zlib\zlib.vcxproj", "{3A04D858-B82E-3A36-8AA0-1CA8EDAF9FE7}"
	ProjectSection(ProjectDependencies) = postProject
		{A2B6B0A1-0116-3B54-BA2A-2EB40583D0C0} = {A2B6B0A1-0116-3B54-BA2A-2EB40583D0C0}
	EndProjectSection
EndProject
Global
	GlobalSection(SolutionConfigurationPlatforms) = preSolution
		Debug|x64 = Debug|x64
		Release|x64 = Release|x64
	EndGlobalSection
	GlobalSection(ProjectConfigurationPlatforms) = postSolution
		{C52E6A76-8178-3B1F-930D-5CBBC4C48842}.Debug|x64.ActiveCfg = Debug|x64
		{C52E6A76-8178-3B1F-930D-5CBBC4C48842}.Debug|x64.Build.0 = Debug|x64
		{C52E6A76-8178-3B1F-930D-5CBBC4C48842}.Release|x64.ActiveCfg = Release|x64
		{C52E6A76-8178-3B1F-930D-5CBBC4C48842}.Release|x64.Build.0 = Release|x64
		{E671D3BE-83C7-3754-8861-A5A7BFCDCE9F}.Debug|x64.ActiveCfg = Debug|x64
		{E671D3BE-83C7-3754-8861-A5A7BFCDCE9F}.Release|x64.ActiveCfg = Release|x64
		{350F6A37-D4A1-3B5E-9B75-D9B3641E0E93}.Debug|x64.ActiveCfg = Debug|x64
		{350F6A37-D4A1-3B5E-9B75-D9B3641E0E93}.Release|x64.ActiveCfg = Release|x64
		{EE93D452-1980-36AF-905E-EA892FF26044}.Debug|x64.ActiveCfg = Debug|x64
		{EE93D452-1980-36AF-905E-EA892FF26044}.Release|x64.ActiveCfg = Release|x64
		{A2B6B0A1-0116-3B54-BA2A-2EB40583D0C0}.Debug|x64.ActiveCfg = Debug|x64
		{A2B6B0A1-0116-3B54-BA2A-2EB40583D0C0}.Debug|x64.Build.0 = Debug|x64
		{A2B6B0A1-0116-3B54-BA2A-2EB40583D0C0}.Release|x64.ActiveCfg = Release|x64
		{A2B6B0A1-0116-3B54-BA2A-2EB40583D0C0}.Release|x64.Build.0 = Release|x64
		{5EC8C66B-E81D-3DF4-8ACB-5471038622E3}.Debug|x64.ActiveCfg = Debug|x64
		{5EC8C66B-E81D-3DF4-8ACB-5471038622E3}.Debug|x64.Build.0 = Debug|x64
		{5EC8C66B-E81D-3DF4-8ACB-5471038622E3}.Release|x64.ActiveCfg = Release|x64
		{5EC8C66B-E81D-3DF4-8ACB-5471038622E3}.Release|x64.Build.0 = Release|x64
		{C0C81A5B-A87C-374C-9952-4CDD19ACCC39}.Debug|x64.ActiveCfg = Debug|x64
		{C0C81A5B-A87C-374C-9952-4CDD19ACCC39}.Debug|x64.Build.0 = Debug|x64
		{C0C81A5B-A87C-374C-9952-4CDD19ACCC39}.Release|x64.ActiveCfg = Release|x64
		{C0C81A5B-A87C-374C-9952-4CDD19ACCC39}.Release|x64.Build.0 = Release|x64
		{1699B126-F854-3D9B-B2D0-3CE3CA0FE45C}.Debug|x64.ActiveCfg = Debug|x64
		{1699B126-F854-3D9B-B2D0-3CE3CA0FE45C}.Debug|x64.Build.0 = Debug|x64
		{1699B126-F854-3D9B-B2D0-3CE3CA0FE45C}.Release|x64.ActiveCfg = Release|x64
		{1699B126-F854-3D9B-B2D0-3CE3CA0FE45C}.Release|x64.Build.0 = Release|x64
		{9653DFC1-20C6-328B-8CC0-5C6DACCC0CBF}.Debug|x64.ActiveCfg = Debug|x64
		{9653DFC1-20C6-328B-8CC0-5C6DACCC0CBF}.Debug|x64.Build.0 = Debug|x64
		{9653DFC1-20C6-328B-8CC0-5C6DACCC0CBF}.Release|x64.ActiveCfg = Release|x64
		{9653DFC1-20C6-328B-8CC0-5C6DACCC0CBF}.Release|x64.Build.0 = Release|x64
		{689A6849-31B3-3BE0-A99A-7C78F73D8282}.Debug|x64.ActiveCfg = Debug|x64
		{689A6849-31B3-3BE0-A99A-7C78F73D8282}.Debug|x64.Build.0 = Debug|x64
		{689A6849-31B3-3BE0-A99A-7C78F73D8282}.Release|x64.ActiveCfg = Release|x64
		{689A6849-31B3-3BE0-A99A-7C78F73D8282}.Release|x64.Build.0 = Release|x64
		{31683E2D-8CD1-3261-B931-59C404D46D24}.Debug|x64.ActiveCfg = Debug|x64
		{31683E2D-8CD1-3261-B931-59C404D46D24}.Debug|x64.Build.0 = Debug|x64
		{31683E2D-8CD1-3261-B931-59C404D46D24}.Release|x64.ActiveCfg = Release|x64
		{31683E2D-8CD1-3261-B931-59C404D46D24}.Release|x64.Build.0 = Release|x64
		{EE8D18F9-204E-331B-B076-8E2889183D47}.Debug|x64.ActiveCfg = Debug|x64
		{EE8D18F9-204E-331B-B076-8E2889183D47}.Debug|x64.Build.0 = Debug|x64
		{EE8D18F9-204E-331B-B076-8E2889183D47}.Release|x64.ActiveCfg = Release|x64
		{EE8D18F9-204E-331B-B076-8E2889183D47}.Release|x64.Build.0 = Release|x64
		{1AAA1413-127F-3D93-8011-8C44309718F3}.Debug|x64.ActiveCfg = Debug|x64
		{1AAA1413-127F-3D93-8011-8C44309718F3}.Debug|x64.Build.0 = Debug|x64
		{1AAA1413-127F-3D93-8011-8C44309718F3}.Release|x64.ActiveCfg = Release|x64
		{1AAA1413-127F-3D93-8011-8C44309718F3}.Release|x64.Build.0 = Release|x64
		{0B31A5D5-D18D-39F5-BC2E-DAC3D9426DF8}.Debug|x64.ActiveCfg = Debug|x64
		{0B31A5D5-D18D-39F5-BC2E-DAC3D9426DF8}.Debug|x64.Build.0 = Debug|x64
		{0B31A5D5-D18D-39F5-BC2E-DAC3D9426DF8}.Release|x64.ActiveCfg = Release|x64
		{0B31A5D5-D18D-39F5-BC2E-DAC3D9426DF8}.Release|x64.Build.0 = Release|x64
		{1F8724A0-1C71-3004-96AF-32EB4B4342E5}.Debug|x64.ActiveCfg = Debug|x64
		{1F8724A0-1C71-3004-96AF-32EB4B4342E5}.Debug|x64.Build.0 = Debug|x64
		{1F8724A0-1C71-3004-96AF-32EB4B4342E5}.Release|x64.ActiveCfg = Release|x64
		{1F8724A0-1C71-3004-96AF-32EB4B4342E5}.Release|x64.Build.0 = Release|x64
		{90D69877-18F6-3CDF-A51B-11AE7B1C9559}.Debug|x64.ActiveCfg = Debug|x64
		{90D69877-18F6-3CDF-A51B-11AE7B1C9559}.Debug|x64.Build.0 = Debug|x64
		{90D69877-18F6-3CDF-A51B-11AE7B1C9559}.Release|x64.ActiveCfg = Release|x64
		{90D69877-18F6-3CDF-A51B-11AE7B1C9559}.Release|x64.Build.0 = Release|x64
		{F0141090-C9CC-3DF5-8680-15EDDC06AB0A}.Debug|x64.ActiveCfg = Debug|x64
		{F0141090-C9CC-3DF5-8680-15EDDC06AB0A}.Debug|x64.Build.0 = Debug|x64
		{F0141090-C9CC-3DF5-8680-15EDDC06AB0A}.Release|x64.ActiveCfg = Release|x64
		{F0141090-C9CC-3DF5-8680-15EDDC06AB0A}.Release|x64.Build.0 = Release|x64
		{4E760740-5E33-3BC7-81C4-D939D99A5AF9}.Debug|x64.ActiveCfg = Debug|x64
		{4E760740-5E33-3BC7-81C4-D939D99A5AF9}.Debug|x64.Build.0 = Debug|x64
		{4E760740-5E33-3BC7-81C4-D939D99A5AF9}.Release|x64.ActiveCfg = Release|x64
		{4E760740-5E33-3BC7-81C4-D939D99A5AF9}.Release|x64.Build.0 = Release|x64
		{4A796FDE-A7DE-33D4-B5DA-190EB18E8F18}.Debug|x64.ActiveCfg = Debug|x64
		{4A796FDE-A7DE-33D4-B5DA-190EB18E8F18}.Debug|x64.Build.0 = Debug|x64
		{4A796FDE-A7DE-33D4-B5DA-190EB18E8F18}.Release|x64.ActiveCfg = Release|x64
		{4A796FDE-A7DE-33D4-B5DA-190EB18E8F18}.Release|x64.Build.0 = Release|x64
		{E313BCDC-E2A7-3522-81C4-4CF71D934E9F}.Debug|x64.ActiveCfg = Debug|x64
		{E313BCDC-E2A7-3522-81C4-4CF71D934E9F}.Debug|x64.Build.0 = Debug|x64
		{E313BCDC-E2A7-3522-81C4-4CF71D934E9F}.Release|x64.ActiveCfg = Release|x64
		{E313BCDC-E2A7-3522-81C4-4CF71D934E9F}.Release|x64.Build.0 = Release|x64
		{065E3AE3-48DD-3BA6-B8BF-8D4FA83808D3}.Debug|x64.ActiveCfg = Debug|x64
		{065E3AE3-48DD-3BA6-B8BF-8D4FA83808D3}.Debug|x64.Build.0 = Debug|x64
		{065E3AE3-48DD-3BA6-B8BF-8D4FA83808D3}.Release|x64.ActiveCfg = Release|x64
		{065E3AE3-48DD-3BA6-B8BF-8D4FA83808D3}.Release|x64.Build.0 = Release|x64
		{CEEFBA9A-95EF-3902-A07E-36A6E76726AA}.Debug|x64.ActiveCfg = Debug|x64
		{CEEFBA9A-95EF-3902-A07E-36A6E76726AA}.Debug|x64.Build.0 = Debug|x64
		{CEEFBA9A-95EF-3902-A07E-36A6E76726AA}.Release|x64.ActiveCfg = Release|x64
		{CEEFBA9A-95EF-3902-A07E-36A6E76726AA}.Release|x64.Build.0 = Release|x64
		{07DA9D9A-FAA1-39AB-9FB8-F77CF1A99E1F}.Debug|x64.ActiveCfg = Debug|x64
		{07DA9D9A-FAA1-39AB-9FB8-F77CF1A99E1F}.Debug|x64.Build.0 = Debug|x64
		{07DA9D9A-FAA1-39AB-9FB8-F77CF1A99E1F}.Release|x64.ActiveCfg = Release|x64
		{07DA9D9A-FAA1-39AB-9FB8-F77CF1A99E1F}.Release|x64.Build.0 = Release|x64
		{5E05CA5A-14FA-3F46-BD1F-9B3FFD14F7A1}.Debug|x64.ActiveCfg = Debug|x64
		{5E05CA5A-14FA-3F46-BD1F-9B3FFD14F7A1}.Debug|x64.Build.0 = Debug|x64
		{5E05CA5A-14FA-3F46-BD1F-9B3FFD14F7A1}.Release|x64.ActiveCfg = Release|x64
		{5E05CA5A-14FA-3F46-BD1F-9B3FFD14F7A1}.Release|x64.Build.0 = Release|x64
		{E330EAE7-C580-3568-97BC-E3B6E3012D3D}.Debug|x64.ActiveCfg = Debug|x64
		{E330EAE7-C580-3568-97BC-E3B6E3012D3D}.Debug|x64.Build.0 = Debug|x64
		{E330EAE7-C580-3568-97BC-E3B6E3012D3D}.Release|x64.ActiveCfg = Release|x64
		{E330EAE7-C580-3568-97BC-E3B6E3012D3D}.Release|x64.Build.0 = Release|x64
		{1CC45481-48D5-3366-A85A-AE0F225EAB64}.Debug|x64.ActiveCfg = Debug|x64
		{1CC45481-48D5-3366-A85A-AE0F225EAB64}.Debug|x64.Build.0 = Debug|x64
		{1CC45481-48D5-3366-A85A-AE0F225EAB64}.Release|x64.ActiveCfg = Release|x64
		{1CC45481-48D5-3366-A85A-AE0F225EAB64}.Release|x64.Build.0 = Release|x64
		{5AA2EDFF-19C7-321B-AF8E-EF048850274A}.Debug|x64.ActiveCfg = Debug|x64
		{5AA2EDFF-19C7-321B-AF8E-EF048850274A}.Debug|x64.Build.0 = Debug|x64
		{5AA2EDFF-19C7-321B-AF8E-EF048850274A}.Release|x64.ActiveCfg = Release|x64
		{5AA2EDFF-19C7-321B-AF8E-EF048850274A}.Release|x64.Build.0 = Release|x64
		{62B866CB-7714-3C1A-9252-BCA1F8C1DFBC}.Debug|x64.ActiveCfg = Debug|x64
		{62B866CB-7714-3C1A-9252-BCA1F8C1DFBC}.Debug|x64.Build.0 = Debug|x64
		{62B866CB-7714-3C1A-9252-BCA1F8C1DFBC}.Release|x64.ActiveCfg = Release|x64
		{62B866CB-7714-3C1A-9252-BCA1F8C1DFBC}.Release|x64.Build.0 = Release|x64
		{A14E548A-5288-34A7-9C1C-80B6476605C1}.Debug|x64.ActiveCfg = Debug|x64
		{A14E548A-5288-34A7-9C1C-80B6476605C1}.Debug|x64.Build.0 = Debug|x64
		{A14E548A-5288-34A7-9C1C-80B6476605C1}.Release|x64.ActiveCfg = Release|x64
		{A14E548A-5288-34A7-9C1C-80B6476605C1}.Release|x64.Build.0 = Release|x64
		{978D094A-68DD-3BB9-A26D-A1848DD8050A}.Debug|x64.ActiveCfg = Debug|x64
		{978D094A-68DD-3BB9-A26D-A1848DD8050A}.Debug|x64.Build.0 = Debug|x64
		{978D094A-68DD-3BB9-A26D-A1848DD8050A}.Release|x64.ActiveCfg = Release|x64
		{978D094A-68DD-3BB9-A26D-A1848DD8050A}.Release|x64.Build.0 = Release|x64
		{E43046B4-1ED1-3DF1-9F99-834EBC22AC4B}.Debug|x64.ActiveCfg = Debug|x64
		{E43046B4-1ED1-3DF1-9F99-834EBC22AC4B}.Debug|x64.Build.0 = Debug|x64
		{E43046B4-1ED1-3DF1-9F99-834EBC22AC4B}.Release|x64.ActiveCfg = Release|x64
		{E43046B4-1ED1-3DF1-9F99-834EBC22AC4B}.Release|x64.Build.0 = Release|x64
		{2EFBDC74-2413-3C7F-898C-B7A7DF6DE808}.Debug|x64.ActiveCfg = Debug|x64
		{2EFBDC74-2413-3C7F-898C-B7A7DF6DE808}.Debug|x64.Build.0 = Debug|x64
		{2EFBDC74-2413-3C7F-898C-B7A7DF6DE808}.Release|x64.ActiveCfg = Release|x64
		{2EFBDC74-2413-3C7F-898C-B7A7DF6DE808}.Release|x64.Build.0 = Release|x64
		{220DAAA7-4AD6-30AF-97F5-8873DCF9F38C}.Debug|x64.ActiveCfg = Debug|x64
		{220DAAA7-4AD6-30AF-97F5-8873DCF9F38C}.Debug|x64.Build.0 = Debug|x64
		{220DAAA7-4AD6-30AF-97F5-8873DCF9F38C}.Release|x64.ActiveCfg = Release|x64
		{220DAAA7-4AD6-30AF-97F5-8873DCF9F38C}.Release|x64.Build.0 = Release|x64
		{9F4C872A-07C5-34F4-97A1-A6FD09C48232}.Debug|x64.ActiveCfg = Debug|x64
		{9F4C872A-07C5-34F4-97A1-A6FD09C48232}.Debug|x64.Build.0 = Debug|x64
		{9F4C872A-07C5-34F4-97A1-A6FD09C48232}.Release|x64.ActiveCfg = Release|x64
		{9F4C872A-07C5-34F4-97A1-A6FD09C48232}.Release|x64.Build.0 = Release|x64
		{236D9F3A-4D25-3745-A439-0D17D29C4B19}.Debug|x64.ActiveCfg = Debug|x64
		{236D9F3A-4D25-3745-A439-0D17D29C4B19}.Debug|x64.Build.0 = Debug|x64
		{236D9F3A-4D25-3745-A439-0D17D29C4B19}.Release|x64.ActiveCfg = Release|x64
		{236D9F3A-4D25-3745-A439-0D17D29C4B19}.Release|x64.Build.0 = Release|x64
		{773D86A9-7F17-3DC3-8E3E-B3D3AF1688C0}.Debug|x64.ActiveCfg = Debug|x64
		{773D86A9-7F17-3DC3-8E3E-B3D3AF1688C0}.Debug|x64.Build.0 = Debug|x64
		{773D86A9-7F17-3DC3-8E3E-B3D3AF1688C0}.Release|x64.ActiveCfg = Release|x64
		{773D86A9-7F17-3DC3-8E3E-B3D3AF1688C0}.Release|x64.Build.0 = Release|x64
		{25F1F230-8722-3294-9A82-3F5D93073CA7}.Debug|x64.ActiveCfg = Debug|x64
		{25F1F230-8722-3294-9A82-3F5D93073CA7}.Debug|x64.Build.0 = Debug|x64
		{25F1F230-8722-3294-9A82-3F5D93073CA7}.Release|x64.ActiveCfg = Release|x64
		{25F1F230-8722-3294-9A82-3F5D93073CA7}.Release|x64.Build.0 = Release|x64
		{0C24BCD0-4390-3055-A2F6-2C8A42C3BC58}.Debug|x64.ActiveCfg = Debug|x64
		{0C24BCD0-4390-3055-A2F6-2C8A42C3BC58}.Debug|x64.Build.0 = Debug|x64
		{0C24BCD0-4390-3055-A2F6-2C8A42C3BC58}.Release|x64.ActiveCfg = Release|x64
		{0C24BCD0-4390-3055-A2F6-2C8A42C3BC58}.Release|x64.Build.0 = Release|x64
		{F7A87D12-8383-3EAD-B8EE-9C1B283B98B4}.Debug|x64.ActiveCfg = Debug|x64
		{F7A87D12-8383-3EAD-B8EE-9C1B283B98B4}.Debug|x64.Build.0 = Debug|x64
		{F7A87D12-8383-3EAD-B8EE-9C1B283B98B4}.Release|x64.ActiveCfg = Release|x64
		{F7A87D12-8383-3EAD-B8EE-9C1B283B98B4}.Release|x64.Build.0 = Release|x64
		{A232D01B-8121-365E-B21E-380119B4A2F8}.Debug|x64.ActiveCfg = Debug|x64
		{A232D01B-8121-365E-B21E-380119B4A2F8}.Debug|x64.Build.0 = Debug|x64
		{A232D01B-8121-365E-B21E-380119B4A2F8}.Release|x64.ActiveCfg = Release|x64
		{A232D01B-8121-365E-B21E-380119B4A2F8}.Release|x64.Build.0 = Release|x64
		{F3CA099E-18E0-3B79-8AA3-8628C7922F09}.Debug|x64.ActiveCfg = Debug|x64
		{F3CA099E-18E0-3B79-8AA3-8628C7922F09}.Debug|x64.Build.0 = Debug|x64
		{F3CA099E-18E0-3B79-8AA3-8628C7922F09}.Release|x64.ActiveCfg = Release|x64
		{F3CA099E-18E0-3B79-8AA3-8628C7922F09}.Release|x64.Build.0 = Release|x64
		{0C89160B-F0FF-3B00-A234-9EC8877EDEFF}.Debug|x64.ActiveCfg = Debug|x64
		{0C89160B-F0FF-3B00-A234-9EC8877EDEFF}.Debug|x64.Build.0 = Debug|x64
		{0C89160B-F0FF-3B00-A234-9EC8877EDEFF}.Release|x64.ActiveCfg = Release|x64
		{0C89160B-F0FF-3B00-A234-9EC8877EDEFF}.Release|x64.Build.0 = Release|x64
		{AE105776-CAC0-304A-89A3-13174D730095}.Debug|x64.ActiveCfg = Debug|x64
		{AE105776-CAC0-304A-89A3-13174D730095}.Debug|x64.Build.0 = Debug|x64
		{AE105776-CAC0-304A-89A3-13174D730095}.Release|x64.ActiveCfg = Release|x64
		{AE105776-CAC0-304A-89A3-13174D730095}.Release|x64.Build.0 = Release|x64
		{9788107A-102F-30A4-B578-28C48EBDD4EF}.Debug|x64.ActiveCfg = Debug|x64
		{9788107A-102F-30A4-B578-28C48EBDD4EF}.Release|x64.ActiveCfg = Release|x64
		{C7B12197-80DA-3FC4-9EAA-4EF3318CE198}.Debug|x64.ActiveCfg = Debug|x64
		{C7B12197-80DA-3FC4-9EAA-4EF3318CE198}.Debug|x64.Build.0 = Debug|x64
		{C7B12197-80DA-3FC4-9EAA-4EF3318CE198}.Release|x64.ActiveCfg = Release|x64
		{C7B12197-80DA-3FC4-9EAA-4EF3318CE198}.Release|x64.Build.0 = Release|x64
		{282F506C-806C-33EF-884D-3E3E9CA8EE5D}.Debug|x64.ActiveCfg = Debug|x64
		{282F506C-806C-33EF-884D-3E3E9CA8EE5D}.Debug|x64.Build.0 = Debug|x64
		{282F506C-806C-33EF-884D-3E3E9CA8EE5D}.Release|x64.ActiveCfg = Release|x64
		{282F506C-806C-33EF-884D-3E3E9CA8EE5D}.Release|x64.Build.0 = Release|x64
		{71298B85-1766-37FB-8A41-A254FDB48736}.Debug|x64.ActiveCfg = Debug|x64
		{71298B85-1766-37FB-8A41-A254FDB48736}.Debug|x64.Build.0 = Debug|x64
		{71298B85-1766-37FB-8A41-A254FDB48736}.Release|x64.ActiveCfg = Release|x64
		{71298B85-1766-37FB-8A41-A254FDB48736}.Release|x64.Build.0 = Release|x64
		{3A04D858-B82E-3A36-8AA0-1CA8EDAF9FE7}.Debug|x64.ActiveCfg = Debug|x64
		{3A04D858-B82E-3A36-8AA0-1CA8EDAF9FE7}.Debug|x64.Build.0 = Debug|x64
		{3A04D858-B82E-3A36-8AA0-1CA8EDAF9FE7}.Release|x64.ActiveCfg = Release|x64
		{3A04D858-B82E-3A36-8AA0-1CA8EDAF9FE7}.Release|x64.Build.0 = Release|x64
	EndGlobalSection
	GlobalSection(NestedProjects) = preSolution
		{5EC8C66B-E81D-3DF4-8ACB-5471038622E3} = {332C845F-43EC-37BC-867E-CF17421958F7}
		{5AA2EDFF-19C7-321B-AF8E-EF048850274A} = {332C845F-43EC-37BC-867E-CF17421958F7}
		{62B866CB-7714-3C1A-9252-BCA1F8C1DFBC} = {332C845F-43EC-37BC-867E-CF17421958F7}
		{A14E548A-5288-34A7-9C1C-80B6476605C1} = {332C845F-43EC-37BC-867E-CF17421958F7}
		{978D094A-68DD-3BB9-A26D-A1848DD8050A} = {332C845F-43EC-37BC-867E-CF17421958F7}
		{E43046B4-1ED1-3DF1-9F99-834EBC22AC4B} = {332C845F-43EC-37BC-867E-CF17421958F7}
		{2EFBDC74-2413-3C7F-898C-B7A7DF6DE808} = {332C845F-43EC-37BC-867E-CF17421958F7}
		{220DAAA7-4AD6-30AF-97F5-8873DCF9F38C} = {332C845F-43EC-37BC-867E-CF17421958F7}
		{3A04D858-B82E-3A36-8AA0-1CA8EDAF9FE7} = {332C845F-43EC-37BC-867E-CF17421958F7}
		{C52E6A76-8178-3B1F-930D-5CBBC4C48842} = {1EE1F80E-973C-32FC-B0A7-616B4AFA44C5}
		{E671D3BE-83C7-3754-8861-A5A7BFCDCE9F} = {1EE1F80E-973C-32FC-B0A7-616B4AFA44C5}
		{350F6A37-D4A1-3B5E-9B75-D9B3641E0E93} = {1EE1F80E-973C-32FC-B0A7-616B4AFA44C5}
		{EE93D452-1980-36AF-905E-EA892FF26044} = {1EE1F80E-973C-32FC-B0A7-616B4AFA44C5}
		{A2B6B0A1-0116-3B54-BA2A-2EB40583D0C0} = {1EE1F80E-973C-32FC-B0A7-616B4AFA44C5}
		{9F4C872A-07C5-34F4-97A1-A6FD09C48232} = {3D6E007E-129F-3BF6-875D-ED22F6AAA088}
		{236D9F3A-4D25-3745-A439-0D17D29C4B19} = {3D6E007E-129F-3BF6-875D-ED22F6AAA088}
		{773D86A9-7F17-3DC3-8E3E-B3D3AF1688C0} = {3D6E007E-129F-3BF6-875D-ED22F6AAA088}
		{25F1F230-8722-3294-9A82-3F5D93073CA7} = {3D6E007E-129F-3BF6-875D-ED22F6AAA088}
		{0C24BCD0-4390-3055-A2F6-2C8A42C3BC58} = {3D6E007E-129F-3BF6-875D-ED22F6AAA088}
		{F7A87D12-8383-3EAD-B8EE-9C1B283B98B4} = {3D6E007E-129F-3BF6-875D-ED22F6AAA088}
		{A232D01B-8121-365E-B21E-380119B4A2F8} = {3D6E007E-129F-3BF6-875D-ED22F6AAA088}
		{0C89160B-F0FF-3B00-A234-9EC8877EDEFF} = {3D6E007E-129F-3BF6-875D-ED22F6AAA088}
		{AE105776-CAC0-304A-89A3-13174D730095} = {3D6E007E-129F-3BF6-875D-ED22F6AAA088}
		{C7B12197-80DA-3FC4-9EAA-4EF3318CE198} = {3D6E007E-129F-3BF6-875D-ED22F6AAA088}
		{282F506C-806C-33EF-884D-3E3E9CA8EE5D} = {3D6E007E-129F-3BF6-875D-ED22F6AAA088}
		{323C7036-F6DB-3ABF-95DE-3DE27A2ABE1E} = {0DADD992-BA8D-360D-952B-DD6041D67823}
		{C0C81A5B-A87C-374C-9952-4CDD19ACCC39} = {323C7036-F6DB-3ABF-95DE-3DE27A2ABE1E}
		{1699B126-F854-3D9B-B2D0-3CE3CA0FE45C} = {323C7036-F6DB-3ABF-95DE-3DE27A2ABE1E}
		{9653DFC1-20C6-328B-8CC0-5C6DACCC0CBF} = {323C7036-F6DB-3ABF-95DE-3DE27A2ABE1E}
		{689A6849-31B3-3BE0-A99A-7C78F73D8282} = {323C7036-F6DB-3ABF-95DE-3DE27A2ABE1E}
		{31683E2D-8CD1-3261-B931-59C404D46D24} = {323C7036-F6DB-3ABF-95DE-3DE27A2ABE1E}
		{EE8D18F9-204E-331B-B076-8E2889183D47} = {323C7036-F6DB-3ABF-95DE-3DE27A2ABE1E}
		{1AAA1413-127F-3D93-8011-8C44309718F3} = {323C7036-F6DB-3ABF-95DE-3DE27A2ABE1E}
		{0B31A5D5-D18D-39F5-BC2E-DAC3D9426DF8} = {323C7036-F6DB-3ABF-95DE-3DE27A2ABE1E}
		{1F8724A0-1C71-3004-96AF-32EB4B4342E5} = {323C7036-F6DB-3ABF-95DE-3DE27A2ABE1E}
		{90D69877-18F6-3CDF-A51B-11AE7B1C9559} = {323C7036-F6DB-3ABF-95DE-3DE27A2ABE1E}
		{F0141090-C9CC-3DF5-8680-15EDDC06AB0A} = {323C7036-F6DB-3ABF-95DE-3DE27A2ABE1E}
		{4E760740-5E33-3BC7-81C4-D939D99A5AF9} = {323C7036-F6DB-3ABF-95DE-3DE27A2ABE1E}
		{4A796FDE-A7DE-33D4-B5DA-190EB18E8F18} = {323C7036-F6DB-3ABF-95DE-3DE27A2ABE1E}
		{E313BCDC-E2A7-3522-81C4-4CF71D934E9F} = {323C7036-F6DB-3ABF-95DE-3DE27A2ABE1E}
		{065E3AE3-48DD-3BA6-B8BF-8D4FA83808D3} = {323C7036-F6DB-3ABF-95DE-3DE27A2ABE1E}
		{CEEFBA9A-95EF-3902-A07E-36A6E76726AA} = {323C7036-F6DB-3ABF-95DE-3DE27A2ABE1E}
		{07DA9D9A-FAA1-39AB-9FB8-F77CF1A99E1F} = {323C7036-F6DB-3ABF-95DE-3DE27A2ABE1E}
		{5E05CA5A-14FA-3F46-BD1F-9B3FFD14F7A1} = {323C7036-F6DB-3ABF-95DE-3DE27A2ABE1E}
		{E330EAE7-C580-3568-97BC-E3B6E3012D3D} = {323C7036-F6DB-3ABF-95DE-3DE27A2ABE1E}
		{1CC45481-48D5-3366-A85A-AE0F225EAB64} = {323C7036-F6DB-3ABF-95DE-3DE27A2ABE1E}
	EndGlobalSection
	GlobalSection(ExtensibilityGlobals) = postSolution
		SolutionGuid = {9C55EAC4-A575-3E5E-82B5-FE8964B9BB04}
	EndGlobalSection
	GlobalSection(ExtensibilityAddIns) = postSolution
	EndGlobalSection
EndGlobal
