<?xml version="1.0" encoding="utf-8"?>
<Project ToolsVersion="15.0" xmlns="http://schemas.microsoft.com/developer/msbuild/2003">
  <ItemGroup>
    <ClCompile Include="CMakeFiles\opencv_gapi.dir\cmake_pch.cxx" />
    <ClCompile Include="src\api\grunarg.cpp" />
    <ClCompile Include="src\api\gorigin.cpp" />
    <ClCompile Include="src\api\gmat.cpp" />
    <ClCompile Include="src\api\garray.cpp" />
    <ClCompile Include="src\api\gopaque.cpp" />
    <ClCompile Include="src\api\gscalar.cpp" />
    <ClCompile Include="src\api\gframe.cpp" />
    <ClCompile Include="src\api\gkernel.cpp" />
    <ClCompile Include="src\api\gbackend.cpp" />
    <ClCompile Include="src\api\gproto.cpp" />
    <ClCompile Include="src\api\gnode.cpp" />
    <ClCompile Include="src\api\gcall.cpp" />
    <ClCompile Include="src\api\gcomputation.cpp" />
    <ClCompile Include="src\api\operators.cpp" />
    <ClCompile Include="src\api\kernels_core.cpp" />
    <ClCompile Include="src\api\kernels_imgproc.cpp" />
    <ClCompile Include="src\api\kernels_video.cpp" />
    <ClCompile Include="src\api\kernels_nnparsers.cpp" />
    <ClCompile Include="src\api\kernels_streaming.cpp" />
    <ClCompile Include="src\api\kernels_stereo.cpp" />
    <ClCompile Include="src\api\render.cpp" />
    <ClCompile Include="src\api\render_ocv.cpp" />
    <ClCompile Include="src\api\ginfer.cpp" />
    <ClCompile Include="src\api\media.cpp" />
    <ClCompile Include="src\api\rmat.cpp" />
    <ClCompile Include="src\compiler\gmodel.cpp" />
    <ClCompile Include="src\compiler\gmodelbuilder.cpp" />
    <ClCompile Include="src\compiler\gislandmodel.cpp" />
    <ClCompile Include="src\compiler\gcompiler.cpp" />
    <ClCompile Include="src\compiler\gcompiled.cpp" />
    <ClCompile Include="src\compiler\gstreaming.cpp" />
    <ClCompile Include="src\compiler\passes\helpers.cpp" />
    <ClCompile Include="src\compiler\passes\dump_dot.cpp" />
    <ClCompile Include="src\compiler\passes\islands.cpp" />
    <ClCompile Include="src\compiler\passes\meta.cpp" />
    <ClCompile Include="src\compiler\passes\kernels.cpp" />
    <ClCompile Include="src\compiler\passes\exec.cpp" />
    <ClCompile Include="src\compiler\passes\transformations.cpp" />
    <ClCompile Include="src\compiler\passes\pattern_matching.cpp" />
    <ClCompile Include="src\compiler\passes\perform_substitution.cpp" />
    <ClCompile Include="src\compiler\passes\streaming.cpp" />
    <ClCompile Include="src\compiler\passes\intrin.cpp" />
    <ClCompile Include="src\executor\gabstractexecutor.cpp" />
    <ClCompile Include="src\executor\gabstractstreamingexecutor.cpp" />
    <ClCompile Include="src\executor\gexecutor.cpp" />
    <ClCompile Include="src\executor\gtbbexecutor.cpp" />
    <ClCompile Include="src\executor\gstreamingexecutor.cpp" />
    <ClCompile Include="src\executor\gasync.cpp" />
    <ClCompile Include="src\backends\cpu\gcpubackend.cpp" />
    <ClCompile Include="src\backends\cpu\gcpukernel.cpp" />
    <ClCompile Include="src\backends\cpu\gcpuimgproc.cpp" />
    <ClCompile Include="src\backends\cpu\gcpustereo.cpp" />
    <ClCompile Include="src\backends\cpu\gcpuvideo.cpp" />
    <ClCompile Include="src\backends\cpu\gcpucore.cpp" />
    <ClCompile Include="src\backends\cpu\gnnparsers.cpp" />
    <ClCompile Include="src\backends\fluid\gfluidbuffer.cpp" />
    <ClCompile Include="src\backends\fluid\gfluidbackend.cpp" />
    <ClCompile Include="src\backends\fluid\gfluidimgproc.cpp" />
    <ClCompile Include="src\backends\fluid\gfluidimgproc_func.dispatch.cpp" />
    <ClCompile Include="src\backends\fluid\gfluidcore.cpp" />
    <ClCompile Include="src\backends\fluid\gfluidcore_func.dispatch.cpp" />
    <ClCompile Include="src\backends\oak\goak.cpp" />
    <ClCompile Include="src\backends\oak\goakbackend.cpp" />
    <ClCompile Include="src\backends\oak\goak_memory_adapters.cpp" />
    <ClCompile Include="src\backends\ocl\goclbackend.cpp" />
    <ClCompile Include="src\backends\ocl\goclkernel.cpp" />
    <ClCompile Include="src\backends\ocl\goclimgproc.cpp" />
    <ClCompile Include="src\backends\ocl\goclcore.cpp" />
    <ClCompile Include="src\backends\ie\giebackend.cpp" />
    <ClCompile Include="src\backends\ie\giebackend\giewrapper.cpp" />
    <ClCompile Include="src\backends\ov\govbackend.cpp" />
    <ClCompile Include="src\backends\onnx\gonnxbackend.cpp" />
    <ClCompile Include="src\backends\render\grenderocv.cpp" />
    <ClCompile Include="src\backends\render\ft_render.cpp" />
    <ClCompile Include="src\backends\plaidml\gplaidmlcore.cpp" />
    <ClCompile Include="src\backends\plaidml\gplaidmlbackend.cpp" />
    <ClCompile Include="src\backends\common\gmetabackend.cpp" />
    <ClCompile Include="src\backends\common\gcompoundbackend.cpp" />
    <ClCompile Include="src\backends\common\gcompoundkernel.cpp" />
    <ClCompile Include="src\api\s11n.cpp" />
    <ClCompile Include="src\backends\common\serialization.cpp" />
    <ClCompile Include="src\backends\streaming\gstreamingbackend.cpp" />
    <ClCompile Include="src\backends\ie\bindings_ie.cpp" />
    <ClCompile Include="src\backends\onnx\bindings_onnx.cpp" />
    <ClCompile Include="src\backends\ov\bindings_ov.cpp" />
    <ClCompile Include="src\backends\python\gpythonbackend.cpp" />
    <ClCompile Include="src\streaming\onevpl\source.cpp" />
    <ClCompile Include="src\streaming\onevpl\source_priv.cpp" />
    <ClCompile Include="src\streaming\onevpl\file_data_provider.cpp" />
    <ClCompile Include="src\streaming\onevpl\cfg_params.cpp" />
    <ClCompile Include="src\streaming\onevpl\cfg_params_parser.cpp" />
    <ClCompile Include="src\streaming\onevpl\utils.cpp" />
    <ClCompile Include="src\streaming\onevpl\default.cpp" />
    <ClCompile Include="src\streaming\onevpl\data_provider_interface_exception.cpp" />
    <ClCompile Include="src\streaming\onevpl\accelerators\surface\base_frame_adapter.cpp" />
    <ClCompile Include="src\streaming\onevpl\accelerators\surface\cpu_frame_adapter.cpp" />
    <ClCompile Include="src\streaming\onevpl\accelerators\surface\dx11_frame_adapter.cpp" />
    <ClCompile Include="src\streaming\onevpl\accelerators\surface\surface.cpp" />
    <ClCompile Include="src\streaming\onevpl\accelerators\surface\surface_pool.cpp" />
    <ClCompile Include="src\streaming\onevpl\accelerators\utils\shared_lock.cpp" />
    <ClCompile Include="src\streaming\onevpl\accelerators\accel_policy_cpu.cpp" />
    <ClCompile Include="src\streaming\onevpl\accelerators\accel_policy_dx11.cpp" />
    <ClCompile Include="src\streaming\onevpl\accelerators\accel_policy_va_api.cpp" />
    <ClCompile Include="src\streaming\onevpl\accelerators\dx11_alloc_resource.cpp" />
    <ClCompile Include="src\streaming\onevpl\engine\engine_session.cpp" />
    <ClCompile Include="src\streaming\onevpl\engine\processing_engine_base.cpp" />
    <ClCompile Include="src\streaming\onevpl\engine\decode\decode_engine_legacy.cpp" />
    <ClCompile Include="src\streaming\onevpl\engine\decode\decode_session.cpp" />
    <ClCompile Include="src\streaming\onevpl\engine\transcode\transcode_engine_legacy.cpp" />
    <ClCompile Include="src\streaming\onevpl\engine\transcode\transcode_session.cpp" />
    <ClCompile Include="src\streaming\onevpl\engine\preproc\preproc_engine.cpp" />
    <ClCompile Include="src\streaming\onevpl\engine\preproc\preproc_session.cpp" />
    <ClCompile Include="src\streaming\onevpl\engine\preproc\preproc_dispatcher.cpp" />
    <ClCompile Include="src\streaming\onevpl\engine\preproc_engine_interface.cpp" />
    <ClCompile Include="src\streaming\onevpl\demux\async_mfp_demux_data_provider.cpp" />
    <ClCompile Include="src\streaming\onevpl\data_provider_dispatcher.cpp" />
    <ClCompile Include="src\streaming\onevpl\cfg_param_device_selector.cpp" />
    <ClCompile Include="src\streaming\onevpl\device_selector_interface.cpp" />
    <ClCompile Include="src\streaming\gstreamer\gstreamer_pipeline_facade.cpp" />
    <ClCompile Include="src\streaming\gstreamer\gstreamerpipeline.cpp" />
    <ClCompile Include="src\streaming\gstreamer\gstreamersource.cpp" />
    <ClCompile Include="src\streaming\gstreamer\gstreamer_buffer_utils.cpp" />
    <ClCompile Include="src\streaming\gstreamer\gstreamer_media_adapter.cpp" />
    <ClCompile Include="src\streaming\gstreamer\gstreamerenv.cpp" />
    <ClCompile Include="src\utils\itt.cpp" />
    <ClCompile Include="opencv_gapi_main.cpp" />
  </ItemGroup>
  <ItemGroup>
    <ClInclude Include="D:\LIB\opencv\opencv480\build\cvconfig.h">
      <Filter>Include</Filter>
    </ClInclude>
    <ClInclude Include="D:\LIB\opencv\opencv480\build\opencv2\opencv_modules.hpp">
      <Filter>Include</Filter>
    </ClInclude>
    <ClInclude Include="include\opencv2\gapi.hpp" />
    <ClInclude Include="include\opencv2\gapi\core.hpp" />
    <ClInclude Include="include\opencv2\gapi\cpu\core.hpp" />
    <ClInclude Include="include\opencv2\gapi\cpu\gcpukernel.hpp" />
    <ClInclude Include="include\opencv2\gapi\cpu\imgproc.hpp" />
    <ClInclude Include="include\opencv2\gapi\cpu\stereo.hpp" />
    <ClInclude Include="include\opencv2\gapi\cpu\video.hpp" />
    <ClInclude Include="include\opencv2\gapi\fluid\core.hpp" />
    <ClInclude Include="include\opencv2\gapi\fluid\gfluidbuffer.hpp" />
    <ClInclude Include="include\opencv2\gapi\fluid\gfluidkernel.hpp" />
    <ClInclude Include="include\opencv2\gapi\fluid\imgproc.hpp" />
    <ClInclude Include="include\opencv2\gapi\garg.hpp" />
    <ClInclude Include="include\opencv2\gapi\garray.hpp" />
    <ClInclude Include="include\opencv2\gapi\gasync_context.hpp" />
    <ClInclude Include="include\opencv2\gapi\gcall.hpp" />
    <ClInclude Include="include\opencv2\gapi\gcommon.hpp" />
    <ClInclude Include="include\opencv2\gapi\gcompiled.hpp" />
    <ClInclude Include="include\opencv2\gapi\gcompiled_async.hpp" />
    <ClInclude Include="include\opencv2\gapi\gcompoundkernel.hpp" />
    <ClInclude Include="include\opencv2\gapi\gcomputation.hpp" />
    <ClInclude Include="include\opencv2\gapi\gcomputation_async.hpp" />
    <ClInclude Include="include\opencv2\gapi\gframe.hpp" />
    <ClInclude Include="include\opencv2\gapi\gkernel.hpp" />
    <ClInclude Include="include\opencv2\gapi\gmat.hpp" />
    <ClInclude Include="include\opencv2\gapi\gmetaarg.hpp" />
    <ClInclude Include="include\opencv2\gapi\gopaque.hpp" />
    <ClInclude Include="include\opencv2\gapi\gproto.hpp" />
    <ClInclude Include="include\opencv2\gapi\gpu\core.hpp" />
    <ClInclude Include="include\opencv2\gapi\gpu\ggpukernel.hpp" />
    <ClInclude Include="include\opencv2\gapi\gpu\imgproc.hpp" />
    <ClInclude Include="include\opencv2\gapi\gscalar.hpp" />
    <ClInclude Include="include\opencv2\gapi\gstreaming.hpp" />
    <ClInclude Include="include\opencv2\gapi\gtransform.hpp" />
    <ClInclude Include="include\opencv2\gapi\gtype_traits.hpp" />
    <ClInclude Include="include\opencv2\gapi\gtyped.hpp" />
    <ClInclude Include="include\opencv2\gapi\imgproc.hpp" />
    <ClInclude Include="include\opencv2\gapi\infer.hpp" />
    <ClInclude Include="include\opencv2\gapi\infer\bindings_ie.hpp" />
    <ClInclude Include="include\opencv2\gapi\infer\bindings_onnx.hpp" />
    <ClInclude Include="include\opencv2\gapi\infer\bindings_ov.hpp" />
    <ClInclude Include="include\opencv2\gapi\infer\ie.hpp" />
    <ClInclude Include="include\opencv2\gapi\infer\onnx.hpp" />
    <ClInclude Include="include\opencv2\gapi\infer\ov.hpp" />
    <ClInclude Include="include\opencv2\gapi\infer\parsers.hpp" />
    <ClInclude Include="include\opencv2\gapi\media.hpp" />
    <ClInclude Include="include\opencv2\gapi\oak\infer.hpp" />
    <ClInclude Include="include\opencv2\gapi\oak\oak.hpp" />
    <ClInclude Include="include\opencv2\gapi\ocl\core.hpp" />
    <ClInclude Include="include\opencv2\gapi\ocl\goclkernel.hpp" />
    <ClInclude Include="include\opencv2\gapi\ocl\imgproc.hpp" />
    <ClInclude Include="include\opencv2\gapi\opencv_includes.hpp" />
    <ClInclude Include="include\opencv2\gapi\operators.hpp" />
    <ClInclude Include="include\opencv2\gapi\own\assert.hpp" />
    <ClInclude Include="include\opencv2\gapi\own\convert.hpp" />
    <ClInclude Include="include\opencv2\gapi\own\cvdefs.hpp" />
    <ClInclude Include="include\opencv2\gapi\own\exports.hpp" />
    <ClInclude Include="include\opencv2\gapi\own\mat.hpp" />
    <ClInclude Include="include\opencv2\gapi\own\saturate.hpp" />
    <ClInclude Include="include\opencv2\gapi\own\scalar.hpp" />
    <ClInclude Include="include\opencv2\gapi\own\types.hpp" />
    <ClInclude Include="include\opencv2\gapi\plaidml\core.hpp" />
    <ClInclude Include="include\opencv2\gapi\plaidml\gplaidmlkernel.hpp" />
    <ClInclude Include="include\opencv2\gapi\plaidml\plaidml.hpp" />
    <ClInclude Include="include\opencv2\gapi\python\python.hpp" />
    <ClInclude Include="include\opencv2\gapi\render.hpp" />
    <ClInclude Include="include\opencv2\gapi\render\render.hpp" />
    <ClInclude Include="include\opencv2\gapi\render\render_types.hpp" />
    <ClInclude Include="include\opencv2\gapi\rmat.hpp" />
    <ClInclude Include="include\opencv2\gapi\s11n.hpp" />
    <ClInclude Include="include\opencv2\gapi\s11n\base.hpp" />
    <ClInclude Include="include\opencv2\gapi\stereo.hpp" />
    <ClInclude Include="include\opencv2\gapi\streaming\cap.hpp" />
    <ClInclude Include="include\opencv2\gapi\streaming\desync.hpp" />
    <ClInclude Include="include\opencv2\gapi\streaming\format.hpp" />
    <ClInclude Include="include\opencv2\gapi\streaming\gstreamer\gstreamerpipeline.hpp" />
    <ClInclude Include="include\opencv2\gapi\streaming\gstreamer\gstreamersource.hpp" />
    <ClInclude Include="include\opencv2\gapi\streaming\meta.hpp" />
    <ClInclude Include="include\opencv2\gapi\streaming\onevpl\accel_types.hpp" />
    <ClInclude Include="include\opencv2\gapi\streaming\onevpl\cfg_params.hpp" />
    <ClInclude Include="include\opencv2\gapi\streaming\onevpl\data_provider_interface.hpp" />
    <ClInclude Include="include\opencv2\gapi\streaming\onevpl\default.hpp" />
    <ClInclude Include="include\opencv2\gapi\streaming\onevpl\device_selector_interface.hpp" />
    <ClInclude Include="include\opencv2\gapi\streaming\onevpl\source.hpp" />
    <ClInclude Include="include\opencv2\gapi\streaming\source.hpp" />
    <ClInclude Include="include\opencv2\gapi\streaming\sync.hpp" />
    <ClInclude Include="include\opencv2\gapi\util\any.hpp" />
    <ClInclude Include="include\opencv2\gapi\util\compiler_hints.hpp" />
    <ClInclude Include="include\opencv2\gapi\util\copy_through_move.hpp" />
    <ClInclude Include="include\opencv2\gapi\util\optional.hpp" />
    <ClInclude Include="include\opencv2\gapi\util\throw.hpp" />
    <ClInclude Include="include\opencv2\gapi\util\type_traits.hpp" />
    <ClInclude Include="include\opencv2\gapi\util\util.hpp" />
    <ClInclude Include="include\opencv2\gapi\util\variant.hpp" />
    <ClInclude Include="include\opencv2\gapi\video.hpp" />
    <ClInclude Include="CMakeFiles\opencv_gapi.dir\Debug\cmake_pch.hxx" />
    <ClInclude Include="CMakeFiles\opencv_gapi.dir\Release\cmake_pch.hxx" />
  </ItemGroup>
  <ItemGroup>
    <ResourceCompile Include="vs_version.rc" />
  </ItemGroup>
  <ItemGroup>
    <Filter Include="Include">
      <UniqueIdentifier>{F73E1321-2CC0-3C82-B659-D2B5CEC43562}</UniqueIdentifier>
    </Filter>
    <Filter Include="Precompile Header File">
      <UniqueIdentifier>{5D557921-288E-3543-B0CB-0F405FBA551C}</UniqueIdentifier>
    </Filter>
    <Filter Include="Source Files">
      <UniqueIdentifier>{B424FE76-8A02-34EF-85BB-75F86BE76CE0}</UniqueIdentifier>
    </Filter>
    <Filter Include="Src">
      <UniqueIdentifier>{BA1B5659-E9EF-3DC1-8E8D-15B598609623}</UniqueIdentifier>
    </Filter>
  </ItemGroup>
</Project>